// !$*UTF8*$!
{
	archiveVersion = 1;
	classes = {
	};
	objectVersion = 48;
	objects = {

/* Begin PBXBuildFile section */
		FB71BE98201CB2FC0005492C /* AppDelegate.swift in Sources */ = {isa = PBXBuildFile; fileRef = FB71BE97201CB2FC0005492C /* AppDelegate.swift */; };
		FB71BE9A201CB2FC0005492C /* ViewController.swift in Sources */ = {isa = PBXBuildFile; fileRef = FB71BE99201CB2FC0005492C /* ViewController.swift */; };
		FB71BE9D201CB2FC0005492C /* Main.storyboard in Resources */ = {isa = PBXBuildFile; fileRef = FB71BE9B201CB2FC0005492C /* Main.storyboard */; };
		FB71BE9F201CB2FC0005492C /* Assets.xcassets in Resources */ = {isa = PBXBuildFile; fileRef = FB71BE9E201CB2FC0005492C /* Assets.xcassets */; };
		FB71BEA2201CB2FC0005492C /* LaunchScreen.storyboard in Resources */ = {isa = PBXBuildFile; fileRef = FB71BEA0201CB2FC0005492C /* LaunchScreen.storyboard */; };
/* End PBXBuildFile section */

/* Begin PBXFileReference section */
		FB71BE94201CB2FC0005492C /* AmahiAnywhere.app */ = {isa = PBXFileReference; explicitFileType = wrapper.application; includeInIndex = 0; path = AmahiAnywhere.app; sourceTree = BUILT_PRODUCTS_DIR; };
		FB71BE97201CB2FC0005492C /* AppDelegate.swift */ = {isa = PBXFileReference; lastKnownFileType = sourcecode.swift; path = AppDelegate.swift; sourceTree = "<group>"; };
		FB71BE99201CB2FC0005492C /* ViewController.swift */ = {isa = PBXFileReference; lastKnownFileType = sourcecode.swift; path = ViewController.swift; sourceTree = "<group>"; };
		FB71BE9C201CB2FC0005492C /* Base */ = {isa = PBXFileReference; lastKnownFileType = file.storyboard; name = Base; path = Base.lproj/Main.storyboard; sourceTree = "<group>"; };
		FB71BE9E201CB2FC0005492C /* Assets.xcassets */ = {isa = PBXFileReference; lastKnownFileType = folder.assetcatalog; path = Assets.xcassets; sourceTree = "<group>"; };
		FB71BEA1201CB2FC0005492C /* Base */ = {isa = PBXFileReference; lastKnownFileType = file.storyboard; name = Base; path = Base.lproj/LaunchScreen.storyboard; sourceTree = "<group>"; };
		FB71BEA3201CB2FC0005492C /* Info.plist */ = {isa = PBXFileReference; lastKnownFileType = text.plist.xml; path = Info.plist; sourceTree = "<group>"; };
/* End PBXFileReference section */

/* Begin PBXFrameworksBuildPhase section */
		FB71BE91201CB2FC0005492C /* Frameworks */ = {
			isa = PBXFrameworksBuildPhase;
			buildActionMask = 2147483647;
			files = (
			);
			runOnlyForDeploymentPostprocessing = 0;
		};
/* End PBXFrameworksBuildPhase section */

/* Begin PBXGroup section */
		FB71BE8B201CB2FB0005492C = {
			isa = PBXGroup;
			children = (
				FB71BE96201CB2FC0005492C /* AmahiAnywhere */,
				FB71BE95201CB2FC0005492C /* Products */,
			);
			sourceTree = "<group>";
		};
		FB71BE95201CB2FC0005492C /* Products */ = {
			isa = PBXGroup;
			children = (
				FB71BE94201CB2FC0005492C /* AmahiAnywhere.app */,
			);
			name = Products;
			sourceTree = "<group>";
		};
		FB71BE96201CB2FC0005492C /* AmahiAnywhere */ = {
			isa = PBXGroup;
			children = (
				FB71BE97201CB2FC0005492C /* AppDelegate.swift */,
				FB71BE99201CB2FC0005492C /* ViewController.swift */,
				FB71BE9B201CB2FC0005492C /* Main.storyboard */,
				FB71BE9E201CB2FC0005492C /* Assets.xcassets */,
				FB71BEA0201CB2FC0005492C /* LaunchScreen.storyboard */,
				FB71BEA3201CB2FC0005492C /* Info.plist */,
			);
			path = AmahiAnywhere;
			sourceTree = "<group>";
		};
/* End PBXGroup section */

/* Begin PBXNativeTarget section */
		FB71BE93201CB2FC0005492C /* AmahiAnywhere */ = {
			isa = PBXNativeTarget;
			buildConfigurationList = FB71BEA6201CB2FC0005492C /* Build configuration list for PBXNativeTarget "AmahiAnywhere" */;
			buildPhases = (
				FB71BE90201CB2FC0005492C /* Sources */,
				FB71BE91201CB2FC0005492C /* Frameworks */,
				FB71BE92201CB2FC0005492C /* Resources */,
			);
			buildRules = (
			);
			dependencies = (
			);
			name = AmahiAnywhere;
			productName = AmahiAnywhere;
			productReference = FB71BE94201CB2FC0005492C /* AmahiAnywhere.app */;
			productType = "com.apple.product-type.application";
		};
/* End PBXNativeTarget section */

/* Begin PBXProject section */
		FB71BE8C201CB2FB0005492C /* Project object */ = {
			isa = PBXProject;
			attributes = {
				LastSwiftUpdateCheck = 0920;
				LastUpgradeCheck = 0920;
				ORGANIZATIONNAME = Amahi;
				TargetAttributes = {
					FB71BE93201CB2FC0005492C = {
						CreatedOnToolsVersion = 9.2;
						ProvisioningStyle = Automatic;
					};
				};
			};
			buildConfigurationList = FB71BE8F201CB2FB0005492C /* Build configuration list for PBXProject "AmahiAnywhere" */;
			compatibilityVersion = "Xcode 8.0";
			developmentRegion = en;
			hasScannedForEncodings = 0;
			knownRegions = (
				en,
				Base,
			);
			mainGroup = FB71BE8B201CB2FB0005492C;
			productRefGroup = FB71BE95201CB2FC0005492C /* Products */;
			projectDirPath = "";
			projectRoot = "";
			targets = (
				FB71BE93201CB2FC0005492C /* AmahiAnywhere */,
			);
		};
/* End PBXProject section */

/* Begin PBXResourcesBuildPhase section */
		FB71BE92201CB2FC0005492C /* Resources */ = {
			isa = PBXResourcesBuildPhase;
			buildActionMask = 2147483647;
			files = (
				FB71BEA2201CB2FC0005492C /* LaunchScreen.storyboard in Resources */,
				FB71BE9F201CB2FC0005492C /* Assets.xcassets in Resources */,
				FB71BE9D201CB2FC0005492C /* Main.storyboard in Resources */,
			);
			runOnlyForDeploymentPostprocessing = 0;
		};
/* End PBXResourcesBuildPhase section */

/* Begin PBXSourcesBuildPhase section */
		FB71BE90201CB2FC0005492C /* Sources */ = {
			isa = PBXSourcesBuildPhase;
			buildActionMask = 2147483647;
			files = (
				FB71BE9A201CB2FC0005492C /* ViewController.swift in Sources */,
				FB71BE98201CB2FC0005492C /* AppDelegate.swift in Sources */,
			);
			runOnlyForDeploymentPostprocessing = 0;
		};
/* End PBXSourcesBuildPhase section */

/* Begin PBXVariantGroup section */
		FB71BE9B201CB2FC0005492C /* Main.storyboard */ = {
			isa = PBXVariantGroup;
			children = (
				FB71BE9C201CB2FC0005492C /* Base */,
			);
			name = Main.storyboard;
			sourceTree = "<group>";
		};
		FB71BEA0201CB2FC0005492C /* LaunchScreen.storyboard */ = {
			isa = PBXVariantGroup;
			children = (
				FB71BEA1201CB2FC0005492C /* Base */,
			);
			name = LaunchScreen.storyboard;
			sourceTree = "<group>";
		};
/* End PBXVariantGroup section */

/* Begin XCBuildConfiguration section */
		FB71BEA4201CB2FC0005492C /* Debug */ = {
			isa = XCBuildConfiguration;
			buildSettings = {
				ALWAYS_SEARCH_USER_PATHS = NO;
				CLANG_ANALYZER_NONNULL = YES;
				CLANG_ANALYZER_NUMBER_OBJECT_CONVERSION = YES_AGGRESSIVE;
				CLANG_CXX_LANGUAGE_STANDARD = "gnu++14";
				CLANG_CXX_LIBRARY = "libc++";
				CLANG_ENABLE_MODULES = YES;
				CLANG_ENABLE_OBJC_ARC = YES;
				CLANG_WARN_BLOCK_CAPTURE_AUTORELEASING = YES;
				CLANG_WARN_BOOL_CONVERSION = YES;
				CLANG_WARN_COMMA = YES;
				CLANG_WARN_CONSTANT_CONVERSION = YES;
				CLANG_WARN_DIRECT_OBJC_ISA_USAGE = YES_ERROR;
				CLANG_WARN_DOCUMENTATION_COMMENTS = YES;
				CLANG_WARN_EMPTY_BODY = YES;
				CLANG_WARN_ENUM_CONVERSION = YES;
				CLANG_WARN_INFINITE_RECURSION = YES;
				CLANG_WARN_INT_CONVERSION = YES;
				CLANG_WARN_NON_LITERAL_NULL_CONVERSION = YES;
				CLANG_WARN_OBJC_LITERAL_CONVERSION = YES;
				CLANG_WARN_OBJC_ROOT_CLASS = YES_ERROR;
				CLANG_WARN_RANGE_LOOP_ANALYSIS = YES;
				CLANG_WARN_STRICT_PROTOTYPES = YES;
				CLANG_WARN_SUSPICIOUS_MOVE = YES;
				CLANG_WARN_UNGUARDED_AVAILABILITY = YES_AGGRESSIVE;
				CLANG_WARN_UNREACHABLE_CODE = YES;
				CLANG_WARN__DUPLICATE_METHOD_MATCH = YES;
				CODE_SIGN_IDENTITY = "iPhone Developer";
				COPY_PHASE_STRIP = NO;
				DEBUG_INFORMATION_FORMAT = dwarf;
				ENABLE_STRICT_OBJC_MSGSEND = YES;
				ENABLE_TESTABILITY = YES;
				GCC_C_LANGUAGE_STANDARD = gnu11;
				GCC_DYNAMIC_NO_PIC = NO;
				GCC_NO_COMMON_BLOCKS = YES;
				GCC_OPTIMIZATION_LEVEL = 0;
				GCC_PREPROCESSOR_DEFINITIONS = (
					"DEBUG=1",
					"$(inherited)",
				);
				GCC_WARN_64_TO_32_BIT_CONVERSION = YES;
				GCC_WARN_ABOUT_RETURN_TYPE = YES_ERROR;
				GCC_WARN_UNDECLARED_SELECTOR = YES;
				GCC_WARN_UNINITIALIZED_AUTOS = YES_AGGRESSIVE;
				GCC_WARN_UNUSED_FUNCTION = YES;
				GCC_WARN_UNUSED_VARIABLE = YES;
				IPHONEOS_DEPLOYMENT_TARGET = 11.2;
				MTL_ENABLE_DEBUG_INFO = YES;
				ONLY_ACTIVE_ARCH = YES;
				SDKROOT = iphoneos;
				SWIFT_ACTIVE_COMPILATION_CONDITIONS = DEBUG;
				SWIFT_OPTIMIZATION_LEVEL = "-Onone";
			};
			name = Debug;
		};
		FB71BEA5201CB2FC0005492C /* Release */ = {
			isa = XCBuildConfiguration;
			buildSettings = {
				ALWAYS_SEARCH_USER_PATHS = NO;
				CLANG_ANALYZER_NONNULL = YES;
				CLANG_ANALYZER_NUMBER_OBJECT_CONVERSION = YES_AGGRESSIVE;
				CLANG_CXX_LANGUAGE_STANDARD = "gnu++14";
				CLANG_CXX_LIBRARY = "libc++";
				CLANG_ENABLE_MODULES = YES;
				CLANG_ENABLE_OBJC_ARC = YES;
				CLANG_WARN_BLOCK_CAPTURE_AUTORELEASING = YES;
				CLANG_WARN_BOOL_CONVERSION = YES;
				CLANG_WARN_COMMA = YES;
				CLANG_WARN_CONSTANT_CONVERSION = YES;
				CLANG_WARN_DIRECT_OBJC_ISA_USAGE = YES_ERROR;
				CLANG_WARN_DOCUMENTATION_COMMENTS = YES;
				CLANG_WARN_EMPTY_BODY = YES;
				CLANG_WARN_ENUM_CONVERSION = YES;
				CLANG_WARN_INFINITE_RECURSION = YES;
				CLANG_WARN_INT_CONVERSION = YES;
				CLANG_WARN_NON_LITERAL_NULL_CONVERSION = YES;
				CLANG_WARN_OBJC_LITERAL_CONVERSION = YES;
				CLANG_WARN_OBJC_ROOT_CLASS = YES_ERROR;
				CLANG_WARN_RANGE_LOOP_ANALYSIS = YES;
				CLANG_WARN_STRICT_PROTOTYPES = YES;
				CLANG_WARN_SUSPICIOUS_MOVE = YES;
				CLANG_WARN_UNGUARDED_AVAILABILITY = YES_AGGRESSIVE;
				CLANG_WARN_UNREACHABLE_CODE = YES;
				CLANG_WARN__DUPLICATE_METHOD_MATCH = YES;
				CODE_SIGN_IDENTITY = "iPhone Developer";
				COPY_PHASE_STRIP = NO;
				DEBUG_INFORMATION_FORMAT = "dwarf-with-dsym";
				ENABLE_NS_ASSERTIONS = NO;
				ENABLE_STRICT_OBJC_MSGSEND = YES;
				GCC_C_LANGUAGE_STANDARD = gnu11;
				GCC_NO_COMMON_BLOCKS = YES;
				GCC_WARN_64_TO_32_BIT_CONVERSION = YES;
				GCC_WARN_ABOUT_RETURN_TYPE = YES_ERROR;
				GCC_WARN_UNDECLARED_SELECTOR = YES;
				GCC_WARN_UNINITIALIZED_AUTOS = YES_AGGRESSIVE;
				GCC_WARN_UNUSED_FUNCTION = YES;
				GCC_WARN_UNUSED_VARIABLE = YES;
				IPHONEOS_DEPLOYMENT_TARGET = 11.2;
				MTL_ENABLE_DEBUG_INFO = NO;
				SDKROOT = iphoneos;
				SWIFT_OPTIMIZATION_LEVEL = "-Owholemodule";
				VALIDATE_PRODUCT = YES;
			};
			name = Release;
		};
		FB71BEA7201CB2FC0005492C /* Debug */ = {
			isa = XCBuildConfiguration;
			buildSettings = {
				ASSETCATALOG_COMPILER_APPICON_NAME = AppIcon;
				CODE_SIGN_STYLE = Automatic;
				DEVELOPMENT_TEAM = 325LAYFA25;
				INFOPLIST_FILE = AmahiAnywhere/Info.plist;
				LD_RUNPATH_SEARCH_PATHS = "$(inherited) @executable_path/Frameworks";
				PRODUCT_BUNDLE_IDENTIFIER = com.amahi.AmahiAnywhere;
				PRODUCT_NAME = "$(TARGET_NAME)";
				SWIFT_VERSION = 4.0;
				TARGETED_DEVICE_FAMILY = "1,2";
			};
			name = Debug;
		};
		FB71BEA8201CB2FC0005492C /* Release */ = {
			isa = XCBuildConfiguration;
			buildSettings = {
				ASSETCATALOG_COMPILER_APPICON_NAME = AppIcon;
				CODE_SIGN_STYLE = Automatic;
				DEVELOPMENT_TEAM = 325LAYFA25;
				INFOPLIST_FILE = AmahiAnywhere/Info.plist;
				LD_RUNPATH_SEARCH_PATHS = "$(inherited) @executable_path/Frameworks";
				PRODUCT_BUNDLE_IDENTIFIER = com.amahi.AmahiAnywhere;
				PRODUCT_NAME = "$(TARGET_NAME)";
				SWIFT_VERSION = 4.0;
				TARGETED_DEVICE_FAMILY = "1,2";
			};
			name = Release;
		};
/* End XCBuildConfiguration section */

/* Begin XCConfigurationList section */
		FB71BE8F201CB2FB0005492C /* Build configuration list for PBXProject "AmahiAnywhere" */ = {
			isa = XCConfigurationList;
			buildConfigurations = (
				FB71BEA4201CB2FC0005492C /* Debug */,
				FB71BEA5201CB2FC0005492C /* Release */,
			);
			defaultConfigurationIsVisible = 0;
			defaultConfigurationName = Release;
		};
		FB71BEA6201CB2FC0005492C /* Build configuration list for PBXNativeTarget "AmahiAnywhere" */ = {
			isa = XCConfigurationList;
			buildConfigurations = (
				FB71BEA7201CB2FC0005492C /* Debug */,
				FB71BEA8201CB2FC0005492C /* Release */,
			);
			defaultConfigurationIsVisible = 0;
			defaultConfigurationName = Release;
		};
/* End XCConfigurationList section */
	};
	rootObject = FB71BE8C201CB2FB0005492C /* Project object */;
}
