// !$*UTF8*$!
{
	archiveVersion = 1;
	classes = {
	};
	objectVersion = 48;
	objects = {

/* Begin PBXBuildFile section */
		07A3AB2E5DFE0D2AD44B0F33 /* Pods_AmahiAnywhere.framework in Frameworks */ = {isa = PBXBuildFile; fileRef = F5293AC0952F87B50DCD644D /* Pods_AmahiAnywhere.framework */; };
		0AA5E185203F36DD0010FD47 /* Amahi Logo White Font.png in Resources */ = {isa = PBXBuildFile; fileRef = 0AA5E184203F36DD0010FD47 /* Amahi Logo White Font.png */; };
		4605963F204E24DF004FA066 /* DashboardPresenter.swift in Sources */ = {isa = PBXBuildFile; fileRef = 4605963E204E24DF004FA066 /* DashboardPresenter.swift */; };
		46059643204E8B41004FA066 /* BaseUITableViewController.swift in Sources */ = {isa = PBXBuildFile; fileRef = 46059642204E8B41004FA066 /* BaseUITableViewController.swift */; };
		46059646204EE17D004FA066 /* SharesTableViewController.swift in Sources */ = {isa = PBXBuildFile; fileRef = 46059644204EE17D004FA066 /* SharesTableViewController.swift */; };
		4605964B204F35E9004FA066 /* ServerRoute.swift in Sources */ = {isa = PBXBuildFile; fileRef = 4605964A204F35E9004FA066 /* ServerRoute.swift */; };
		4605964D204F3666004FA066 /* ServerShare.swift in Sources */ = {isa = PBXBuildFile; fileRef = 4605964C204F3666004FA066 /* ServerShare.swift */; };
		46098D02204FDBEE00752EB6 /* ApiEndPoints.swift in Sources */ = {isa = PBXBuildFile; fileRef = 46098D01204FDBEE00752EB6 /* ApiEndPoints.swift */; };
		46098D04204FDF5500752EB6 /* ServerFile.swift in Sources */ = {isa = PBXBuildFile; fileRef = 46098D03204FDF5500752EB6 /* ServerFile.swift */; };
		46098D08204FFFBE00752EB6 /* ServerApi.swift in Sources */ = {isa = PBXBuildFile; fileRef = 46098D07204FFFBE00752EB6 /* ServerApi.swift */; };
		46098D0A2050114C00752EB6 /* Network.swift in Sources */ = {isa = PBXBuildFile; fileRef = 46098D092050114C00752EB6 /* Network.swift */; };
		4612851E2051DB770061EC21 /* Mimes.swift in Sources */ = {isa = PBXBuildFile; fileRef = 4612851D2051DB770061EC21 /* Mimes.swift */; };
		4665718120507847000E0D45 /* FilesViewController.swift in Sources */ = {isa = PBXBuildFile; fileRef = 4665718020507847000E0D45 /* FilesViewController.swift */; };
		46657183205085FC000E0D45 /* FilesPresenter.swift in Sources */ = {isa = PBXBuildFile; fileRef = 46657182205085FC000E0D45 /* FilesPresenter.swift */; };
		46CB896B204FB0FC0031151F /* SharesPresenter.swift in Sources */ = {isa = PBXBuildFile; fileRef = 46CB896A204FB0FC0031151F /* SharesPresenter.swift */; };
		46F87397204CC69500F1AF37 /* Server.swift in Sources */ = {isa = PBXBuildFile; fileRef = 46F87396204CC69500F1AF37 /* Server.swift */; };
		C83C637320386DD90089B9D8 /* BaseContract.swift in Sources */ = {isa = PBXBuildFile; fileRef = C83C637020386DD90089B9D8 /* BaseContract.swift */; };
		C83C637420386DD90089B9D8 /* BaseUIViewController+BaseView.swift in Sources */ = {isa = PBXBuildFile; fileRef = C83C637120386DD90089B9D8 /* BaseUIViewController+BaseView.swift */; };
		C83C637520386DD90089B9D8 /* BaseUIViewController.swift in Sources */ = {isa = PBXBuildFile; fileRef = C83C637220386DD90089B9D8 /* BaseUIViewController.swift */; };
		C83C637D2038D5150089B9D8 /* StringConstants.swift in Sources */ = {isa = PBXBuildFile; fileRef = C83C637A2038D5150089B9D8 /* StringConstants.swift */; };
		C83C637E2038D5150089B9D8 /* StringIdentifiers.swift in Sources */ = {isa = PBXBuildFile; fileRef = C83C637B2038D5150089B9D8 /* StringIdentifiers.swift */; };
		C83C638F2038D5B30089B9D8 /* LocalStorage.swift in Sources */ = {isa = PBXBuildFile; fileRef = C83C63812038D5B30089B9D8 /* LocalStorage.swift */; };
		C83C63902038D5B30089B9D8 /* PersistenceIdentifiers.swift in Sources */ = {isa = PBXBuildFile; fileRef = C83C63822038D5B30089B9D8 /* PersistenceIdentifiers.swift */; };
		C83C63912038D5B30089B9D8 /* StringLiterals.swift in Sources */ = {isa = PBXBuildFile; fileRef = C83C63832038D5B30089B9D8 /* StringLiterals.swift */; };
		C83C63922038D5B30089B9D8 /* AmahiApi.swift in Sources */ = {isa = PBXBuildFile; fileRef = C83C63862038D5B30089B9D8 /* AmahiApi.swift */; };
		C83C63952038D5B30089B9D8 /* ApiConfig.swift in Sources */ = {isa = PBXBuildFile; fileRef = C83C63892038D5B30089B9D8 /* ApiConfig.swift */; };
		C83C63992038D5B30089B9D8 /* AuthResponses.swift in Sources */ = {isa = PBXBuildFile; fileRef = C83C638E2038D5B30089B9D8 /* AuthResponses.swift */; };
		C83C639D203992460089B9D8 /* LoginPresenter.swift in Sources */ = {isa = PBXBuildFile; fileRef = C83C639C203992460089B9D8 /* LoginPresenter.swift */; };
		C83C639F2039B16C0089B9D8 /* DashboardViewController.swift in Sources */ = {isa = PBXBuildFile; fileRef = C83C639E2039B16C0089B9D8 /* DashboardViewController.swift */; };
		C866E5552042D02A0083A606 /* VideoPlayerViewController.swift in Sources */ = {isa = PBXBuildFile; fileRef = C866E5542042D02A0083A606 /* VideoPlayerViewController.swift */; };
		FB71BE98201CB2FC0005492C /* AppDelegate.swift in Sources */ = {isa = PBXBuildFile; fileRef = FB71BE97201CB2FC0005492C /* AppDelegate.swift */; };
		FB71BE9A201CB2FC0005492C /* LoginViewController.swift in Sources */ = {isa = PBXBuildFile; fileRef = FB71BE99201CB2FC0005492C /* LoginViewController.swift */; };
		FB71BE9D201CB2FC0005492C /* Main.storyboard in Resources */ = {isa = PBXBuildFile; fileRef = FB71BE9B201CB2FC0005492C /* Main.storyboard */; };
		FB71BE9F201CB2FC0005492C /* Assets.xcassets in Resources */ = {isa = PBXBuildFile; fileRef = FB71BE9E201CB2FC0005492C /* Assets.xcassets */; };
		FB71BEA2201CB2FC0005492C /* LaunchScreen.storyboard in Resources */ = {isa = PBXBuildFile; fileRef = FB71BEA0201CB2FC0005492C /* LaunchScreen.storyboard */; };
/* End PBXBuildFile section */

/* Begin PBXFileReference section */
		0AA5E184203F36DD0010FD47 /* Amahi Logo White Font.png */ = {isa = PBXFileReference; lastKnownFileType = image.png; path = "Amahi Logo White Font.png"; sourceTree = "<group>"; };
		4605963E204E24DF004FA066 /* DashboardPresenter.swift */ = {isa = PBXFileReference; lastKnownFileType = sourcecode.swift; path = DashboardPresenter.swift; sourceTree = "<group>"; };
		46059642204E8B41004FA066 /* BaseUITableViewController.swift */ = {isa = PBXFileReference; lastKnownFileType = sourcecode.swift; path = BaseUITableViewController.swift; sourceTree = "<group>"; };
		46059644204EE17D004FA066 /* SharesTableViewController.swift */ = {isa = PBXFileReference; lastKnownFileType = sourcecode.swift; path = SharesTableViewController.swift; sourceTree = "<group>"; };
		4605964A204F35E9004FA066 /* ServerRoute.swift */ = {isa = PBXFileReference; lastKnownFileType = sourcecode.swift; path = ServerRoute.swift; sourceTree = "<group>"; };
		4605964C204F3666004FA066 /* ServerShare.swift */ = {isa = PBXFileReference; lastKnownFileType = sourcecode.swift; path = ServerShare.swift; sourceTree = "<group>"; };
		46098D01204FDBEE00752EB6 /* ApiEndPoints.swift */ = {isa = PBXFileReference; lastKnownFileType = sourcecode.swift; path = ApiEndPoints.swift; sourceTree = "<group>"; };
		46098D03204FDF5500752EB6 /* ServerFile.swift */ = {isa = PBXFileReference; lastKnownFileType = sourcecode.swift; path = ServerFile.swift; sourceTree = "<group>"; };
		46098D07204FFFBE00752EB6 /* ServerApi.swift */ = {isa = PBXFileReference; lastKnownFileType = sourcecode.swift; path = ServerApi.swift; sourceTree = "<group>"; };
		46098D092050114C00752EB6 /* Network.swift */ = {isa = PBXFileReference; lastKnownFileType = sourcecode.swift; path = Network.swift; sourceTree = "<group>"; };
		4612851D2051DB770061EC21 /* Mimes.swift */ = {isa = PBXFileReference; lastKnownFileType = sourcecode.swift; path = Mimes.swift; sourceTree = "<group>"; };
		4665718020507847000E0D45 /* FilesViewController.swift */ = {isa = PBXFileReference; lastKnownFileType = sourcecode.swift; path = FilesViewController.swift; sourceTree = "<group>"; };
		46657182205085FC000E0D45 /* FilesPresenter.swift */ = {isa = PBXFileReference; lastKnownFileType = sourcecode.swift; path = FilesPresenter.swift; sourceTree = "<group>"; };
		46CB896A204FB0FC0031151F /* SharesPresenter.swift */ = {isa = PBXFileReference; lastKnownFileType = sourcecode.swift; path = SharesPresenter.swift; sourceTree = "<group>"; };
		46F87396204CC69500F1AF37 /* Server.swift */ = {isa = PBXFileReference; lastKnownFileType = sourcecode.swift; path = Server.swift; sourceTree = "<group>"; };
		499AAFCDBDAB4C05C7264992 /* Pods-AmahiAnywhere.release.xcconfig */ = {isa = PBXFileReference; includeInIndex = 1; lastKnownFileType = text.xcconfig; name = "Pods-AmahiAnywhere.release.xcconfig"; path = "Pods/Target Support Files/Pods-AmahiAnywhere/Pods-AmahiAnywhere.release.xcconfig"; sourceTree = "<group>"; };
		665E1C7EF1F0DEBF3A9809B0 /* Pods-AmahiAnywhere.debug.xcconfig */ = {isa = PBXFileReference; includeInIndex = 1; lastKnownFileType = text.xcconfig; name = "Pods-AmahiAnywhere.debug.xcconfig"; path = "Pods/Target Support Files/Pods-AmahiAnywhere/Pods-AmahiAnywhere.debug.xcconfig"; sourceTree = "<group>"; };
		C83C637020386DD90089B9D8 /* BaseContract.swift */ = {isa = PBXFileReference; fileEncoding = 4; lastKnownFileType = sourcecode.swift; path = BaseContract.swift; sourceTree = "<group>"; };
		C83C637120386DD90089B9D8 /* BaseUIViewController+BaseView.swift */ = {isa = PBXFileReference; fileEncoding = 4; lastKnownFileType = sourcecode.swift; path = "BaseUIViewController+BaseView.swift"; sourceTree = "<group>"; };
		C83C637220386DD90089B9D8 /* BaseUIViewController.swift */ = {isa = PBXFileReference; fileEncoding = 4; lastKnownFileType = sourcecode.swift; path = BaseUIViewController.swift; sourceTree = "<group>"; };
		C83C637A2038D5150089B9D8 /* StringConstants.swift */ = {isa = PBXFileReference; fileEncoding = 4; lastKnownFileType = sourcecode.swift; path = StringConstants.swift; sourceTree = "<group>"; };
		C83C637B2038D5150089B9D8 /* StringIdentifiers.swift */ = {isa = PBXFileReference; fileEncoding = 4; lastKnownFileType = sourcecode.swift; path = StringIdentifiers.swift; sourceTree = "<group>"; };
		C83C63812038D5B30089B9D8 /* LocalStorage.swift */ = {isa = PBXFileReference; fileEncoding = 4; lastKnownFileType = sourcecode.swift; path = LocalStorage.swift; sourceTree = "<group>"; };
		C83C63822038D5B30089B9D8 /* PersistenceIdentifiers.swift */ = {isa = PBXFileReference; fileEncoding = 4; lastKnownFileType = sourcecode.swift; path = PersistenceIdentifiers.swift; sourceTree = "<group>"; };
		C83C63832038D5B30089B9D8 /* StringLiterals.swift */ = {isa = PBXFileReference; fileEncoding = 4; lastKnownFileType = sourcecode.swift; path = StringLiterals.swift; sourceTree = "<group>"; };
		C83C63862038D5B30089B9D8 /* AmahiApi.swift */ = {isa = PBXFileReference; fileEncoding = 4; lastKnownFileType = sourcecode.swift; path = AmahiApi.swift; sourceTree = "<group>"; };
		C83C63892038D5B30089B9D8 /* ApiConfig.swift */ = {isa = PBXFileReference; fileEncoding = 4; lastKnownFileType = sourcecode.swift; path = ApiConfig.swift; sourceTree = "<group>"; };
		C83C638E2038D5B30089B9D8 /* AuthResponses.swift */ = {isa = PBXFileReference; fileEncoding = 4; lastKnownFileType = sourcecode.swift; path = AuthResponses.swift; sourceTree = "<group>"; };
		C83C639C203992460089B9D8 /* LoginPresenter.swift */ = {isa = PBXFileReference; lastKnownFileType = sourcecode.swift; path = LoginPresenter.swift; sourceTree = "<group>"; };
		C83C639E2039B16C0089B9D8 /* DashboardViewController.swift */ = {isa = PBXFileReference; lastKnownFileType = sourcecode.swift; path = DashboardViewController.swift; sourceTree = "<group>"; };
		C866E5532042373D0083A606 /* AmahiAnywhere-Bridging-Header.h */ = {isa = PBXFileReference; lastKnownFileType = sourcecode.c.h; path = "AmahiAnywhere-Bridging-Header.h"; sourceTree = "<group>"; };
		C866E5542042D02A0083A606 /* VideoPlayerViewController.swift */ = {isa = PBXFileReference; lastKnownFileType = sourcecode.swift; path = VideoPlayerViewController.swift; sourceTree = "<group>"; };
		F5293AC0952F87B50DCD644D /* Pods_AmahiAnywhere.framework */ = {isa = PBXFileReference; explicitFileType = wrapper.framework; includeInIndex = 0; path = Pods_AmahiAnywhere.framework; sourceTree = BUILT_PRODUCTS_DIR; };
		FB71BE94201CB2FC0005492C /* AmahiAnywhere.app */ = {isa = PBXFileReference; explicitFileType = wrapper.application; includeInIndex = 0; path = AmahiAnywhere.app; sourceTree = BUILT_PRODUCTS_DIR; };
		FB71BE97201CB2FC0005492C /* AppDelegate.swift */ = {isa = PBXFileReference; lastKnownFileType = sourcecode.swift; path = AppDelegate.swift; sourceTree = "<group>"; };
		FB71BE99201CB2FC0005492C /* LoginViewController.swift */ = {isa = PBXFileReference; lastKnownFileType = sourcecode.swift; path = LoginViewController.swift; sourceTree = "<group>"; };
		FB71BE9C201CB2FC0005492C /* Base */ = {isa = PBXFileReference; lastKnownFileType = file.storyboard; name = Base; path = Base.lproj/Main.storyboard; sourceTree = "<group>"; };
		FB71BE9E201CB2FC0005492C /* Assets.xcassets */ = {isa = PBXFileReference; lastKnownFileType = folder.assetcatalog; path = Assets.xcassets; sourceTree = "<group>"; };
		FB71BEA1201CB2FC0005492C /* Base */ = {isa = PBXFileReference; lastKnownFileType = file.storyboard; name = Base; path = Base.lproj/LaunchScreen.storyboard; sourceTree = "<group>"; };
		FB71BEA3201CB2FC0005492C /* Info.plist */ = {isa = PBXFileReference; lastKnownFileType = text.plist.xml; path = Info.plist; sourceTree = "<group>"; };
/* End PBXFileReference section */

/* Begin PBXFrameworksBuildPhase section */
		FB71BE91201CB2FC0005492C /* Frameworks */ = {
			isa = PBXFrameworksBuildPhase;
			buildActionMask = 2147483647;
			files = (
				07A3AB2E5DFE0D2AD44B0F33 /* Pods_AmahiAnywhere.framework in Frameworks */,
			);
			runOnlyForDeploymentPostprocessing = 0;
		};
/* End PBXFrameworksBuildPhase section */

/* Begin PBXGroup section */
		C446600BA8E0E01249C2486F /* Frameworks */ = {
			isa = PBXGroup;
			children = (
				F5293AC0952F87B50DCD644D /* Pods_AmahiAnywhere.framework */,
			);
			name = Frameworks;
			sourceTree = "<group>";
		};
		C83C636F20386DD90089B9D8 /* Base */ = {
			isa = PBXGroup;
			children = (
				C83C637020386DD90089B9D8 /* BaseContract.swift */,
				C83C637120386DD90089B9D8 /* BaseUIViewController+BaseView.swift */,
				C83C637220386DD90089B9D8 /* BaseUIViewController.swift */,
				46059642204E8B41004FA066 /* BaseUITableViewController.swift */,
			);
			path = Base;
			sourceTree = "<group>";
		};
		C83C63782038D5150089B9D8 /* Utils */ = {
			isa = PBXGroup;
			children = (
				C83C637A2038D5150089B9D8 /* StringConstants.swift */,
				C83C637B2038D5150089B9D8 /* StringIdentifiers.swift */,
				46098D092050114C00752EB6 /* Network.swift */,
				4612851D2051DB770061EC21 /* Mimes.swift */,
			);
			path = Utils;
			sourceTree = "<group>";
		};
		C83C637F2038D5B30089B9D8 /* Data */ = {
			isa = PBXGroup;
			children = (
				C83C63802038D5B30089B9D8 /* Local */,
				C83C63842038D5B30089B9D8 /* Remote */,
			);
			path = Data;
			sourceTree = "<group>";
		};
		C83C63802038D5B30089B9D8 /* Local */ = {
			isa = PBXGroup;
			children = (
				C83C63812038D5B30089B9D8 /* LocalStorage.swift */,
				C83C63822038D5B30089B9D8 /* PersistenceIdentifiers.swift */,
				C83C63832038D5B30089B9D8 /* StringLiterals.swift */,
			);
			path = Local;
			sourceTree = "<group>";
		};
		C83C63842038D5B30089B9D8 /* Remote */ = {
			isa = PBXGroup;
			children = (
				C83C63852038D5B30089B9D8 /* ApiCalls */,
				C83C63892038D5B30089B9D8 /* ApiConfig.swift */,
				C83C638B2038D5B30089B9D8 /* Model */,
				46098D01204FDBEE00752EB6 /* ApiEndPoints.swift */,
			);
			path = Remote;
			sourceTree = "<group>";
		};
		C83C63852038D5B30089B9D8 /* ApiCalls */ = {
			isa = PBXGroup;
			children = (
				C83C63862038D5B30089B9D8 /* AmahiApi.swift */,
				46098D07204FFFBE00752EB6 /* ServerApi.swift */,
			);
			path = ApiCalls;
			sourceTree = "<group>";
		};
		C83C638B2038D5B30089B9D8 /* Model */ = {
			isa = PBXGroup;
			children = (
				C83C638E2038D5B30089B9D8 /* AuthResponses.swift */,
				4605964C204F3666004FA066 /* ServerShare.swift */,
				46F87396204CC69500F1AF37 /* Server.swift */,
				4605964A204F35E9004FA066 /* ServerRoute.swift */,
				46098D03204FDF5500752EB6 /* ServerFile.swift */,
			);
			path = Model;
			sourceTree = "<group>";
		};
		C83C639A2039921B0089B9D8 /* Presentation */ = {
			isa = PBXGroup;
			children = (
				C83C639B2039922A0089B9D8 /* Login */,
				C83C639E2039B16C0089B9D8 /* DashboardViewController.swift */,
				C866E5542042D02A0083A606 /* VideoPlayerViewController.swift */,
				4605963E204E24DF004FA066 /* DashboardPresenter.swift */,
				46059644204EE17D004FA066 /* SharesTableViewController.swift */,
				46CB896A204FB0FC0031151F /* SharesPresenter.swift */,
				4665718020507847000E0D45 /* FilesViewController.swift */,
				46657182205085FC000E0D45 /* FilesPresenter.swift */,
			);
			path = Presentation;
			sourceTree = "<group>";
		};
		C83C639B2039922A0089B9D8 /* Login */ = {
			isa = PBXGroup;
			children = (
				FB71BE99201CB2FC0005492C /* LoginViewController.swift */,
				C83C639C203992460089B9D8 /* LoginPresenter.swift */,
			);
			path = Login;
			sourceTree = "<group>";
		};
		DDF3537D8AE1275A22FED2AA /* Pods */ = {
			isa = PBXGroup;
			children = (
				665E1C7EF1F0DEBF3A9809B0 /* Pods-AmahiAnywhere.debug.xcconfig */,
				499AAFCDBDAB4C05C7264992 /* Pods-AmahiAnywhere.release.xcconfig */,
			);
			name = Pods;
			sourceTree = "<group>";
		};
		FB71BE8B201CB2FB0005492C = {
			isa = PBXGroup;
			children = (
				FB71BE96201CB2FC0005492C /* AmahiAnywhere */,
				FB71BE95201CB2FC0005492C /* Products */,
				DDF3537D8AE1275A22FED2AA /* Pods */,
				C446600BA8E0E01249C2486F /* Frameworks */,
			);
			sourceTree = "<group>";
		};
		FB71BE95201CB2FC0005492C /* Products */ = {
			isa = PBXGroup;
			children = (
				FB71BE94201CB2FC0005492C /* AmahiAnywhere.app */,
			);
			name = Products;
			sourceTree = "<group>";
		};
		FB71BE96201CB2FC0005492C /* AmahiAnywhere */ = {
			isa = PBXGroup;
			children = (
				C83C639A2039921B0089B9D8 /* Presentation */,
				C83C637F2038D5B30089B9D8 /* Data */,
				C83C636F20386DD90089B9D8 /* Base */,
				C83C63782038D5150089B9D8 /* Utils */,
				FB71BE97201CB2FC0005492C /* AppDelegate.swift */,
				FB71BE9B201CB2FC0005492C /* Main.storyboard */,
				FB71BE9E201CB2FC0005492C /* Assets.xcassets */,
				0AA5E184203F36DD0010FD47 /* Amahi Logo White Font.png */,
				FB71BEA0201CB2FC0005492C /* LaunchScreen.storyboard */,
				FB71BEA3201CB2FC0005492C /* Info.plist */,
				C866E5532042373D0083A606 /* AmahiAnywhere-Bridging-Header.h */,
			);
			path = AmahiAnywhere;
			sourceTree = "<group>";
		};
/* End PBXGroup section */

/* Begin PBXNativeTarget section */
		FB71BE93201CB2FC0005492C /* AmahiAnywhere */ = {
			isa = PBXNativeTarget;
			buildConfigurationList = FB71BEA6201CB2FC0005492C /* Build configuration list for PBXNativeTarget "AmahiAnywhere" */;
			buildPhases = (
				D37A02672BBEFF330A5E8AAE /* [CP] Check Pods Manifest.lock */,
				FB71BE90201CB2FC0005492C /* Sources */,
				FB71BE91201CB2FC0005492C /* Frameworks */,
				FB71BE92201CB2FC0005492C /* Resources */,
				F61A594FE5268D2316515601 /* [CP] Embed Pods Frameworks */,
				C8F7A987AB598D3B34328FEB /* [CP] Copy Pods Resources */,
			);
			buildRules = (
			);
			dependencies = (
			);
			name = AmahiAnywhere;
			productName = AmahiAnywhere;
			productReference = FB71BE94201CB2FC0005492C /* AmahiAnywhere.app */;
			productType = "com.apple.product-type.application";
		};
/* End PBXNativeTarget section */

/* Begin PBXProject section */
		FB71BE8C201CB2FB0005492C /* Project object */ = {
			isa = PBXProject;
			attributes = {
				LastSwiftUpdateCheck = 0920;
				LastUpgradeCheck = 0920;
				ORGANIZATIONNAME = Amahi;
				TargetAttributes = {
					FB71BE93201CB2FC0005492C = {
						CreatedOnToolsVersion = 9.2;
						ProvisioningStyle = Automatic;
						SystemCapabilities = {
							com.apple.BackgroundModes = {
								enabled = 1;
							};
						};
					};
				};
			};
			buildConfigurationList = FB71BE8F201CB2FB0005492C /* Build configuration list for PBXProject "AmahiAnywhere" */;
			compatibilityVersion = "Xcode 8.0";
			developmentRegion = en;
			hasScannedForEncodings = 0;
			knownRegions = (
				en,
				Base,
			);
			mainGroup = FB71BE8B201CB2FB0005492C;
			productRefGroup = FB71BE95201CB2FC0005492C /* Products */;
			projectDirPath = "";
			projectRoot = "";
			targets = (
				FB71BE93201CB2FC0005492C /* AmahiAnywhere */,
			);
		};
/* End PBXProject section */

/* Begin PBXResourcesBuildPhase section */
		FB71BE92201CB2FC0005492C /* Resources */ = {
			isa = PBXResourcesBuildPhase;
			buildActionMask = 2147483647;
			files = (
				FB71BEA2201CB2FC0005492C /* LaunchScreen.storyboard in Resources */,
				0AA5E185203F36DD0010FD47 /* Amahi Logo White Font.png in Resources */,
				FB71BE9F201CB2FC0005492C /* Assets.xcassets in Resources */,
				FB71BE9D201CB2FC0005492C /* Main.storyboard in Resources */,
			);
			runOnlyForDeploymentPostprocessing = 0;
		};
/* End PBXResourcesBuildPhase section */

/* Begin PBXShellScriptBuildPhase section */
		C8F7A987AB598D3B34328FEB /* [CP] Copy Pods Resources */ = {
			isa = PBXShellScriptBuildPhase;
			buildActionMask = 2147483647;
			files = (
			);
			inputPaths = (
			);
			name = "[CP] Copy Pods Resources";
			outputPaths = (
			);
			runOnlyForDeploymentPostprocessing = 0;
			shellPath = /bin/sh;
			shellScript = "\"${SRCROOT}/Pods/Target Support Files/Pods-AmahiAnywhere/Pods-AmahiAnywhere-resources.sh\"\n";
			showEnvVarsInLog = 0;
		};
		D37A02672BBEFF330A5E8AAE /* [CP] Check Pods Manifest.lock */ = {
			isa = PBXShellScriptBuildPhase;
			buildActionMask = 2147483647;
			files = (
			);
			inputPaths = (
				"${PODS_PODFILE_DIR_PATH}/Podfile.lock",
				"${PODS_ROOT}/Manifest.lock",
			);
			name = "[CP] Check Pods Manifest.lock";
			outputPaths = (
				"$(DERIVED_FILE_DIR)/Pods-AmahiAnywhere-checkManifestLockResult.txt",
			);
			runOnlyForDeploymentPostprocessing = 0;
			shellPath = /bin/sh;
			shellScript = "diff \"${PODS_PODFILE_DIR_PATH}/Podfile.lock\" \"${PODS_ROOT}/Manifest.lock\" > /dev/null\nif [ $? != 0 ] ; then\n    # print error to STDERR\n    echo \"error: The sandbox is not in sync with the Podfile.lock. Run 'pod install' or update your CocoaPods installation.\" >&2\n    exit 1\nfi\n# This output is used by Xcode 'outputs' to avoid re-running this script phase.\necho \"SUCCESS\" > \"${SCRIPT_OUTPUT_FILE_0}\"\n";
			showEnvVarsInLog = 0;
		};
		F61A594FE5268D2316515601 /* [CP] Embed Pods Frameworks */ = {
			isa = PBXShellScriptBuildPhase;
			buildActionMask = 2147483647;
			files = (
			);
			inputPaths = (
				"${SRCROOT}/Pods/Target Support Files/Pods-AmahiAnywhere/Pods-AmahiAnywhere-frameworks.sh",
				"${BUILT_PRODUCTS_DIR}/Alamofire/Alamofire.framework",
				"${BUILT_PRODUCTS_DIR}/Cache/Cache.framework",
				"${BUILT_PRODUCTS_DIR}/EVReflection/EVReflection.framework",
				"${BUILT_PRODUCTS_DIR}/Hue/Hue.framework",
				"${BUILT_PRODUCTS_DIR}/IQKeyboardManagerSwift/IQKeyboardManagerSwift.framework",
				"${BUILT_PRODUCTS_DIR}/Imaginary/Imaginary.framework",
				"${BUILT_PRODUCTS_DIR}/Lightbox/Lightbox.framework",
				"${BUILT_PRODUCTS_DIR}/MBProgressHUD/MBProgressHUD.framework",
				"${BUILT_PRODUCTS_DIR}/SkyFloatingLabelTextField/SkyFloatingLabelTextField.framework",
			);
			name = "[CP] Embed Pods Frameworks";
			outputPaths = (
				"${TARGET_BUILD_DIR}/${FRAMEWORKS_FOLDER_PATH}/Alamofire.framework",
				"${TARGET_BUILD_DIR}/${FRAMEWORKS_FOLDER_PATH}/Cache.framework",
				"${TARGET_BUILD_DIR}/${FRAMEWORKS_FOLDER_PATH}/EVReflection.framework",
				"${TARGET_BUILD_DIR}/${FRAMEWORKS_FOLDER_PATH}/Hue.framework",
				"${TARGET_BUILD_DIR}/${FRAMEWORKS_FOLDER_PATH}/IQKeyboardManagerSwift.framework",
				"${TARGET_BUILD_DIR}/${FRAMEWORKS_FOLDER_PATH}/Imaginary.framework",
				"${TARGET_BUILD_DIR}/${FRAMEWORKS_FOLDER_PATH}/Lightbox.framework",
				"${TARGET_BUILD_DIR}/${FRAMEWORKS_FOLDER_PATH}/MBProgressHUD.framework",
				"${TARGET_BUILD_DIR}/${FRAMEWORKS_FOLDER_PATH}/SkyFloatingLabelTextField.framework",
			);
			runOnlyForDeploymentPostprocessing = 0;
			shellPath = /bin/sh;
			shellScript = "\"${SRCROOT}/Pods/Target Support Files/Pods-AmahiAnywhere/Pods-AmahiAnywhere-frameworks.sh\"\n";
			showEnvVarsInLog = 0;
		};
/* End PBXShellScriptBuildPhase section */

/* Begin PBXSourcesBuildPhase section */
		FB71BE90201CB2FC0005492C /* Sources */ = {
			isa = PBXSourcesBuildPhase;
			buildActionMask = 2147483647;
			files = (
				C83C63952038D5B30089B9D8 /* ApiConfig.swift in Sources */,
				46657183205085FC000E0D45 /* FilesPresenter.swift in Sources */,
				46059646204EE17D004FA066 /* SharesTableViewController.swift in Sources */,
				C866E5552042D02A0083A606 /* VideoPlayerViewController.swift in Sources */,
				C83C63902038D5B30089B9D8 /* PersistenceIdentifiers.swift in Sources */,
				C83C637520386DD90089B9D8 /* BaseUIViewController.swift in Sources */,
				FB71BE9A201CB2FC0005492C /* LoginViewController.swift in Sources */,
				4605964D204F3666004FA066 /* ServerShare.swift in Sources */,
				FB71BE98201CB2FC0005492C /* AppDelegate.swift in Sources */,
				4605964B204F35E9004FA066 /* ServerRoute.swift in Sources */,
				46098D04204FDF5500752EB6 /* ServerFile.swift in Sources */,
				4612851E2051DB770061EC21 /* Mimes.swift in Sources */,
				46059643204E8B41004FA066 /* BaseUITableViewController.swift in Sources */,
				C83C637D2038D5150089B9D8 /* StringConstants.swift in Sources */,
				4605963F204E24DF004FA066 /* DashboardPresenter.swift in Sources */,
				46098D02204FDBEE00752EB6 /* ApiEndPoints.swift in Sources */,
				C83C63922038D5B30089B9D8 /* AmahiApi.swift in Sources */,
				46CB896B204FB0FC0031151F /* SharesPresenter.swift in Sources */,
				C83C637320386DD90089B9D8 /* BaseContract.swift in Sources */,
				C83C63912038D5B30089B9D8 /* StringLiterals.swift in Sources */,
				C83C639D203992460089B9D8 /* LoginPresenter.swift in Sources */,
				C83C638F2038D5B30089B9D8 /* LocalStorage.swift in Sources */,
				C83C637420386DD90089B9D8 /* BaseUIViewController+BaseView.swift in Sources */,
				C83C637E2038D5150089B9D8 /* StringIdentifiers.swift in Sources */,
				46F87397204CC69500F1AF37 /* Server.swift in Sources */,
				46098D08204FFFBE00752EB6 /* ServerApi.swift in Sources */,
				C83C63992038D5B30089B9D8 /* AuthResponses.swift in Sources */,
				46098D0A2050114C00752EB6 /* Network.swift in Sources */,
				C83C639F2039B16C0089B9D8 /* DashboardViewController.swift in Sources */,
				4665718120507847000E0D45 /* FilesViewController.swift in Sources */,
			);
			runOnlyForDeploymentPostprocessing = 0;
		};
/* End PBXSourcesBuildPhase section */

/* Begin PBXVariantGroup section */
		FB71BE9B201CB2FC0005492C /* Main.storyboard */ = {
			isa = PBXVariantGroup;
			children = (
				FB71BE9C201CB2FC0005492C /* Base */,
			);
			name = Main.storyboard;
			sourceTree = "<group>";
		};
		FB71BEA0201CB2FC0005492C /* LaunchScreen.storyboard */ = {
			isa = PBXVariantGroup;
			children = (
				FB71BEA1201CB2FC0005492C /* Base */,
			);
			name = LaunchScreen.storyboard;
			sourceTree = "<group>";
		};
/* End PBXVariantGroup section */

/* Begin XCBuildConfiguration section */
		FB71BEA4201CB2FC0005492C /* Debug */ = {
			isa = XCBuildConfiguration;
			buildSettings = {
				ALWAYS_SEARCH_USER_PATHS = NO;
				CLANG_ANALYZER_NONNULL = YES;
				CLANG_ANALYZER_NUMBER_OBJECT_CONVERSION = YES_AGGRESSIVE;
				CLANG_CXX_LANGUAGE_STANDARD = "gnu++14";
				CLANG_CXX_LIBRARY = "libc++";
				CLANG_ENABLE_MODULES = YES;
				CLANG_ENABLE_OBJC_ARC = YES;
				CLANG_WARN_BLOCK_CAPTURE_AUTORELEASING = YES;
				CLANG_WARN_BOOL_CONVERSION = YES;
				CLANG_WARN_COMMA = YES;
				CLANG_WARN_CONSTANT_CONVERSION = YES;
				CLANG_WARN_DIRECT_OBJC_ISA_USAGE = YES_ERROR;
				CLANG_WARN_DOCUMENTATION_COMMENTS = YES;
				CLANG_WARN_EMPTY_BODY = YES;
				CLANG_WARN_ENUM_CONVERSION = YES;
				CLANG_WARN_INFINITE_RECURSION = YES;
				CLANG_WARN_INT_CONVERSION = YES;
				CLANG_WARN_NON_LITERAL_NULL_CONVERSION = YES;
				CLANG_WARN_OBJC_LITERAL_CONVERSION = YES;
				CLANG_WARN_OBJC_ROOT_CLASS = YES_ERROR;
				CLANG_WARN_RANGE_LOOP_ANALYSIS = YES;
				CLANG_WARN_STRICT_PROTOTYPES = YES;
				CLANG_WARN_SUSPICIOUS_MOVE = YES;
				CLANG_WARN_UNGUARDED_AVAILABILITY = YES_AGGRESSIVE;
				CLANG_WARN_UNREACHABLE_CODE = YES;
				CLANG_WARN__DUPLICATE_METHOD_MATCH = YES;
				CODE_SIGN_IDENTITY = "iPhone Developer";
				COPY_PHASE_STRIP = NO;
				DEBUG_INFORMATION_FORMAT = dwarf;
				ENABLE_STRICT_OBJC_MSGSEND = YES;
				ENABLE_TESTABILITY = YES;
				GCC_C_LANGUAGE_STANDARD = gnu11;
				GCC_DYNAMIC_NO_PIC = NO;
				GCC_NO_COMMON_BLOCKS = YES;
				GCC_OPTIMIZATION_LEVEL = 0;
				GCC_PREPROCESSOR_DEFINITIONS = (
					"DEBUG=1",
					"$(inherited)",
				);
				GCC_WARN_64_TO_32_BIT_CONVERSION = YES;
				GCC_WARN_ABOUT_RETURN_TYPE = YES_ERROR;
				GCC_WARN_UNDECLARED_SELECTOR = YES;
				GCC_WARN_UNINITIALIZED_AUTOS = YES_AGGRESSIVE;
				GCC_WARN_UNUSED_FUNCTION = YES;
				GCC_WARN_UNUSED_VARIABLE = YES;
				IPHONEOS_DEPLOYMENT_TARGET = 11.2;
				MTL_ENABLE_DEBUG_INFO = YES;
				ONLY_ACTIVE_ARCH = YES;
				SDKROOT = iphoneos;
				SWIFT_ACTIVE_COMPILATION_CONDITIONS = DEBUG;
				SWIFT_OPTIMIZATION_LEVEL = "-Onone";
			};
			name = Debug;
		};
		FB71BEA5201CB2FC0005492C /* Release */ = {
			isa = XCBuildConfiguration;
			buildSettings = {
				ALWAYS_SEARCH_USER_PATHS = NO;
				CLANG_ANALYZER_NONNULL = YES;
				CLANG_ANALYZER_NUMBER_OBJECT_CONVERSION = YES_AGGRESSIVE;
				CLANG_CXX_LANGUAGE_STANDARD = "gnu++14";
				CLANG_CXX_LIBRARY = "libc++";
				CLANG_ENABLE_MODULES = YES;
				CLANG_ENABLE_OBJC_ARC = YES;
				CLANG_WARN_BLOCK_CAPTURE_AUTORELEASING = YES;
				CLANG_WARN_BOOL_CONVERSION = YES;
				CLANG_WARN_COMMA = YES;
				CLANG_WARN_CONSTANT_CONVERSION = YES;
				CLANG_WARN_DIRECT_OBJC_ISA_USAGE = YES_ERROR;
				CLANG_WARN_DOCUMENTATION_COMMENTS = YES;
				CLANG_WARN_EMPTY_BODY = YES;
				CLANG_WARN_ENUM_CONVERSION = YES;
				CLANG_WARN_INFINITE_RECURSION = YES;
				CLANG_WARN_INT_CONVERSION = YES;
				CLANG_WARN_NON_LITERAL_NULL_CONVERSION = YES;
				CLANG_WARN_OBJC_LITERAL_CONVERSION = YES;
				CLANG_WARN_OBJC_ROOT_CLASS = YES_ERROR;
				CLANG_WARN_RANGE_LOOP_ANALYSIS = YES;
				CLANG_WARN_STRICT_PROTOTYPES = YES;
				CLANG_WARN_SUSPICIOUS_MOVE = YES;
				CLANG_WARN_UNGUARDED_AVAILABILITY = YES_AGGRESSIVE;
				CLANG_WARN_UNREACHABLE_CODE = YES;
				CLANG_WARN__DUPLICATE_METHOD_MATCH = YES;
				CODE_SIGN_IDENTITY = "iPhone Developer";
				COPY_PHASE_STRIP = NO;
				DEBUG_INFORMATION_FORMAT = "dwarf-with-dsym";
				ENABLE_NS_ASSERTIONS = NO;
				ENABLE_STRICT_OBJC_MSGSEND = YES;
				GCC_C_LANGUAGE_STANDARD = gnu11;
				GCC_NO_COMMON_BLOCKS = YES;
				GCC_WARN_64_TO_32_BIT_CONVERSION = YES;
				GCC_WARN_ABOUT_RETURN_TYPE = YES_ERROR;
				GCC_WARN_UNDECLARED_SELECTOR = YES;
				GCC_WARN_UNINITIALIZED_AUTOS = YES_AGGRESSIVE;
				GCC_WARN_UNUSED_FUNCTION = YES;
				GCC_WARN_UNUSED_VARIABLE = YES;
				IPHONEOS_DEPLOYMENT_TARGET = 11.2;
				MTL_ENABLE_DEBUG_INFO = NO;
				SDKROOT = iphoneos;
				SWIFT_OPTIMIZATION_LEVEL = "-Owholemodule";
				VALIDATE_PRODUCT = YES;
			};
			name = Release;
		};
		FB71BEA7201CB2FC0005492C /* Debug */ = {
			isa = XCBuildConfiguration;
			baseConfigurationReference = 665E1C7EF1F0DEBF3A9809B0 /* Pods-AmahiAnywhere.debug.xcconfig */;
			buildSettings = {
				ASSETCATALOG_COMPILER_APPICON_NAME = AppIcon;
				CODE_SIGN_STYLE = Automatic;
				DEVELOPMENT_TEAM = 44WM7BTB59;
				ENABLE_BITCODE = NO;
				INFOPLIST_FILE = AmahiAnywhere/Info.plist;
				LD_RUNPATH_SEARCH_PATHS = "$(inherited) @executable_path/Frameworks";
				PRODUCT_BUNDLE_IDENTIFIER = "com.amahi.AmahiAnywhere-dev";
				PRODUCT_NAME = "$(TARGET_NAME)";
				SWIFT_OBJC_BRIDGING_HEADER = "AmahiAnywhere/AmahiAnywhere-Bridging-Header.h";
				SWIFT_VERSION = 4.0;
				TARGETED_DEVICE_FAMILY = "1,2";
			};
			name = Debug;
		};
		FB71BEA8201CB2FC0005492C /* Release */ = {
			isa = XCBuildConfiguration;
			baseConfigurationReference = 499AAFCDBDAB4C05C7264992 /* Pods-AmahiAnywhere.release.xcconfig */;
			buildSettings = {
				ASSETCATALOG_COMPILER_APPICON_NAME = AppIcon;
				CODE_SIGN_STYLE = Automatic;
				DEVELOPMENT_TEAM = 44WM7BTB59;
				ENABLE_BITCODE = NO;
				INFOPLIST_FILE = AmahiAnywhere/Info.plist;
				LD_RUNPATH_SEARCH_PATHS = "$(inherited) @executable_path/Frameworks";
				PRODUCT_BUNDLE_IDENTIFIER = "com.amahi.AmahiAnywhere-dev";
				PRODUCT_NAME = "$(TARGET_NAME)";
				SWIFT_OBJC_BRIDGING_HEADER = "AmahiAnywhere/AmahiAnywhere-Bridging-Header.h";
				SWIFT_VERSION = 4.0;
				TARGETED_DEVICE_FAMILY = "1,2";
			};
			name = Release;
		};
/* End XCBuildConfiguration section */

/* Begin XCConfigurationList section */
		FB71BE8F201CB2FB0005492C /* Build configuration list for PBXProject "AmahiAnywhere" */ = {
			isa = XCConfigurationList;
			buildConfigurations = (
				FB71BEA4201CB2FC0005492C /* Debug */,
				FB71BEA5201CB2FC0005492C /* Release */,
			);
			defaultConfigurationIsVisible = 0;
			defaultConfigurationName = Release;
		};
		FB71BEA6201CB2FC0005492C /* Build configuration list for PBXNativeTarget "AmahiAnywhere" */ = {
			isa = XCConfigurationList;
			buildConfigurations = (
				FB71BEA7201CB2FC0005492C /* Debug */,
				FB71BEA8201CB2FC0005492C /* Release */,
			);
			defaultConfigurationIsVisible = 0;
			defaultConfigurationName = Release;
		};
/* End XCConfigurationList section */
	};
	rootObject = FB71BE8C201CB2FB0005492C /* Project object */;
}
