// !$*UTF8*$!
{
	archiveVersion = 1;
	classes = {
	};
	objectVersion = 51;
	objects = {

/* Begin PBXBuildFile section */
		04BA8996211D56F400E7A868 /* AmahiLogger.swift in Sources */ = {isa = PBXBuildFile; fileRef = 04BA8995211D56F400E7A868 /* AmahiLogger.swift */; };
		07A3AB2E5DFE0D2AD44B0F33 /* Pods_AmahiAnywhere.framework in Frameworks */ = {isa = PBXBuildFile; fileRef = F5293AC0952F87B50DCD644D /* Pods_AmahiAnywhere.framework */; };
		0AA5E185203F36DD0010FD47 /* Amahi Logo White Font.png in Resources */ = {isa = PBXBuildFile; fileRef = 0AA5E184203F36DD0010FD47 /* Amahi Logo White Font.png */; };
		3B1B35A423080E710058B1D8 /* UINavigationItem.swift in Sources */ = {isa = PBXBuildFile; fileRef = 3B1B35A323080E710058B1D8 /* UINavigationItem.swift */; };
		3B24FE122296F4330044721D /* WalkthroughViewController.swift in Sources */ = {isa = PBXBuildFile; fileRef = 3B24FE112296F4330044721D /* WalkthroughViewController.swift */; };
		3B24FE162297086A0044721D /* WalkthroughAmahiCell.xib in Resources */ = {isa = PBXBuildFile; fileRef = 3B24FE152297086A0044721D /* WalkthroughAmahiCell.xib */; };
		3B24FE1822970B6B0044721D /* WalkthroughCell.xib in Resources */ = {isa = PBXBuildFile; fileRef = 3B24FE1722970B6B0044721D /* WalkthroughCell.xib */; };
		3B24FE1A22970B860044721D /* WalkthroughCollectionCell.swift in Sources */ = {isa = PBXBuildFile; fileRef = 3B24FE1922970B860044721D /* WalkthroughCollectionCell.swift */; };
		3B33324E22BAA17C00BC61EB /* FilteredServerFile.swift in Sources */ = {isa = PBXBuildFile; fileRef = 3B33324D22BAA17C00BC61EB /* FilteredServerFile.swift */; };
		3B33325022BAA26600BC61EB /* FilesGridCollectionCell.swift in Sources */ = {isa = PBXBuildFile; fileRef = 3B33324F22BAA26600BC61EB /* FilesGridCollectionCell.swift */; };
		3B33325222BAA27E00BC61EB /* FilesListCollectionViewCell.swift in Sources */ = {isa = PBXBuildFile; fileRef = 3B33325122BAA27E00BC61EB /* FilesListCollectionViewCell.swift */; };
		3B33325422BAA29700BC61EB /* FilesCollectionHeaderView.swift in Sources */ = {isa = PBXBuildFile; fileRef = 3B33325322BAA29700BC61EB /* FilesCollectionHeaderView.swift */; };
		3B33325622BAA2AF00BC61EB /* FilesCollectionFooterView.swift in Sources */ = {isa = PBXBuildFile; fileRef = 3B33325522BAA2AF00BC61EB /* FilesCollectionFooterView.swift */; };
		3B33325822BAA3C200BC61EB /* SortView.swift in Sources */ = {isa = PBXBuildFile; fileRef = 3B33325722BAA3C200BC61EB /* SortView.swift */; };
		3B33325A22BAA40B00BC61EB /* FilesViewController+UICollectionViewDelegates.swift in Sources */ = {isa = PBXBuildFile; fileRef = 3B33325922BAA40B00BC61EB /* FilesViewController+UICollectionViewDelegates.swift */; };
		3B33325C22BAA4BA00BC61EB /* FilesViewController+Sorting.swift in Sources */ = {isa = PBXBuildFile; fileRef = 3B33325B22BAA4BA00BC61EB /* FilesViewController+Sorting.swift */; };
		3B33325E22BAB05C00BC61EB /* FilesBaseCollectionViewCell.swift in Sources */ = {isa = PBXBuildFile; fileRef = 3B33325D22BAB05C00BC61EB /* FilesBaseCollectionViewCell.swift */; };
		3B33326022BAB2A800BC61EB /* SortViewTableViewCell.swift in Sources */ = {isa = PBXBuildFile; fileRef = 3B33325F22BAB2A800BC61EB /* SortViewTableViewCell.swift */; };
		3B37EBAF22ED11650065CB77 /* Units.swift in Sources */ = {isa = PBXBuildFile; fileRef = 3B37EBAE22ED11650065CB77 /* Units.swift */; };
		3B37EBB622F204030065CB77 /* HDAPinAuthVC.swift in Sources */ = {isa = PBXBuildFile; fileRef = 3B37EBB522F204020065CB77 /* HDAPinAuthVC.swift */; };
		3B37EBB822F2D9F60065CB77 /* AuthTokenResponse.swift in Sources */ = {isa = PBXBuildFile; fileRef = 3B37EBB722F2D9F60065CB77 /* AuthTokenResponse.swift */; };
		3B3F43DA22FD812700BB42B0 /* AudioPlayerViewController.swift in Sources */ = {isa = PBXBuildFile; fileRef = 3B3F43D922FD812700BB42B0 /* AudioPlayerViewController.swift */; };
		3B3F43DC22FECF3800BB42B0 /* AudioPlayerViewController+Gesture.swift in Sources */ = {isa = PBXBuildFile; fileRef = 3B3F43DB22FECF3700BB42B0 /* AudioPlayerViewController+Gesture.swift */; };
		3B3F43DF22FECF7300BB42B0 /* DissmissAnimator.swift in Sources */ = {isa = PBXBuildFile; fileRef = 3B3F43DE22FECF7300BB42B0 /* DissmissAnimator.swift */; };
		3B3F43E122FECF9300BB42B0 /* Interactor.swift in Sources */ = {isa = PBXBuildFile; fileRef = 3B3F43E022FECF9300BB42B0 /* Interactor.swift */; };
		3B3F43E322FED06A00BB42B0 /* AudioPlayerViewController+UpdatesUI.swift in Sources */ = {isa = PBXBuildFile; fileRef = 3B3F43E222FED06A00BB42B0 /* AudioPlayerViewController+UpdatesUI.swift */; };
		3B3F43E522FED10100BB42B0 /* AudioPlayerViewController+Player.swift in Sources */ = {isa = PBXBuildFile; fileRef = 3B3F43E422FED10100BB42B0 /* AudioPlayerViewController+Player.swift */; };
		3B3F43E722FED14900BB42B0 /* AudioPlayerViewController+Remote.swift in Sources */ = {isa = PBXBuildFile; fileRef = 3B3F43E622FED14900BB42B0 /* AudioPlayerViewController+Remote.swift */; };
		3B4DB99722A0431100AF287B /* ServerCollectionViewCell.swift in Sources */ = {isa = PBXBuildFile; fileRef = 3B4DB99622A0431100AF287B /* ServerCollectionViewCell.swift */; };
		3B84E87D2299587B00E37A74 /* UIView.swift in Sources */ = {isa = PBXBuildFile; fileRef = 3B84E87C2299587B00E37A74 /* UIView.swift */; };
		3BB315D422E1143600A0FDAD /* SharesCollectionViewCell.swift in Sources */ = {isa = PBXBuildFile; fileRef = 3BB315D322E1143600A0FDAD /* SharesCollectionViewCell.swift */; };
		3BCAFBA122C537C10044057E /* DownloadsListCollectionCell.swift in Sources */ = {isa = PBXBuildFile; fileRef = 3BCAFBA022C537C10044057E /* DownloadsListCollectionCell.swift */; };
		3BCAFBA322C537DE0044057E /* DownloadsGridCollectionCell.swift in Sources */ = {isa = PBXBuildFile; fileRef = 3BCAFBA222C537DE0044057E /* DownloadsGridCollectionCell.swift */; };
		3BCAFBA522C5385D0044057E /* DownloadsBaseCollectionCell.swift in Sources */ = {isa = PBXBuildFile; fileRef = 3BCAFBA422C5385D0044057E /* DownloadsBaseCollectionCell.swift */; };
		3BCAFBA722C53E2A0044057E /* OfflineFilesViewController.swift in Sources */ = {isa = PBXBuildFile; fileRef = 3BCAFBA622C53E2A0044057E /* OfflineFilesViewController.swift */; };
		3BCAFBA922C68CF70044057E /* FilteredOfflineFile.swift in Sources */ = {isa = PBXBuildFile; fileRef = 3BCAFBA822C68CF70044057E /* FilteredOfflineFile.swift */; };
		3BCAFBAB22C6DB830044057E /* OfflineFilesViewController+SearchDelegates.swift in Sources */ = {isa = PBXBuildFile; fileRef = 3BCAFBAA22C6DB830044057E /* OfflineFilesViewController+SearchDelegates.swift */; };
		3BCAFBAD22C6DBCB0044057E /* OfflineFilesViewController+UICollectionViewDelegates.swift in Sources */ = {isa = PBXBuildFile; fileRef = 3BCAFBAC22C6DBCB0044057E /* OfflineFilesViewController+UICollectionViewDelegates.swift */; };
		3BCAFBAF22C6DC1A0044057E /* OfflineFilesViewController+Sorting.swift in Sources */ = {isa = PBXBuildFile; fileRef = 3BCAFBAE22C6DC1A0044057E /* OfflineFilesViewController+Sorting.swift */; };
		3BCAFBB122C6DC460044057E /* OfflineFilesViewController+FilesView.swift in Sources */ = {isa = PBXBuildFile; fileRef = 3BCAFBB022C6DC460044057E /* OfflineFilesViewController+FilesView.swift */; };
		3BF1E81A22D0288700C531CD /* OfflineFileIndexes.swift in Sources */ = {isa = PBXBuildFile; fileRef = 3BF1E81922D0288700C531CD /* OfflineFileIndexes.swift */; };
		3BF1E81C22D07E9800C531CD /* UIApplication.swift in Sources */ = {isa = PBXBuildFile; fileRef = 3BF1E81B22D07E9800C531CD /* UIApplication.swift */; };
		3BF4592822CD702C00C020A4 /* GlobalLayoutView.swift in Sources */ = {isa = PBXBuildFile; fileRef = 3BF4592722CD702C00C020A4 /* GlobalLayoutView.swift */; };
		4605963F204E24DF004FA066 /* ServerPresenter.swift in Sources */ = {isa = PBXBuildFile; fileRef = 4605963E204E24DF004FA066 /* ServerPresenter.swift */; };
		46059643204E8B41004FA066 /* BaseUITableViewController.swift in Sources */ = {isa = PBXBuildFile; fileRef = 46059642204E8B41004FA066 /* BaseUITableViewController.swift */; };
		46059646204EE17D004FA066 /* SharesViewController.swift in Sources */ = {isa = PBXBuildFile; fileRef = 46059644204EE17D004FA066 /* SharesViewController.swift */; };
		4605964B204F35E9004FA066 /* ServerRoute.swift in Sources */ = {isa = PBXBuildFile; fileRef = 4605964A204F35E9004FA066 /* ServerRoute.swift */; };
		4605964D204F3666004FA066 /* ServerShare.swift in Sources */ = {isa = PBXBuildFile; fileRef = 4605964C204F3666004FA066 /* ServerShare.swift */; };
		46098D02204FDBEE00752EB6 /* ApiEndPoints.swift in Sources */ = {isa = PBXBuildFile; fileRef = 46098D01204FDBEE00752EB6 /* ApiEndPoints.swift */; };
		46098D04204FDF5500752EB6 /* ServerFile.swift in Sources */ = {isa = PBXBuildFile; fileRef = 46098D03204FDF5500752EB6 /* ServerFile.swift */; };
		46098D08204FFFBE00752EB6 /* ServerApi.swift in Sources */ = {isa = PBXBuildFile; fileRef = 46098D07204FFFBE00752EB6 /* ServerApi.swift */; };
		46098D0A2050114C00752EB6 /* Network.swift in Sources */ = {isa = PBXBuildFile; fileRef = 46098D092050114C00752EB6 /* Network.swift */; };
		4665718120507847000E0D45 /* FilesViewController.swift in Sources */ = {isa = PBXBuildFile; fileRef = 4665718020507847000E0D45 /* FilesViewController.swift */; };
		46657183205085FC000E0D45 /* FilesPresenter.swift in Sources */ = {isa = PBXBuildFile; fileRef = 46657182205085FC000E0D45 /* FilesPresenter.swift */; };
		46CB896B204FB0FC0031151F /* SharesPresenter.swift in Sources */ = {isa = PBXBuildFile; fileRef = 46CB896A204FB0FC0031151F /* SharesPresenter.swift */; };
		46F87397204CC69500F1AF37 /* Server.swift in Sources */ = {isa = PBXBuildFile; fileRef = 46F87396204CC69500F1AF37 /* Server.swift */; };
		80F3FDC7206C0D4D0061CD51 /* ConnectionViewController.swift in Sources */ = {isa = PBXBuildFile; fileRef = 80F3FDC6206C0D4D0061CD51 /* ConnectionViewController.swift */; };
		80F60700206BE1530098BC60 /* SettingsViewController.swift in Sources */ = {isa = PBXBuildFile; fileRef = 80F606FF206BE1530098BC60 /* SettingsViewController.swift */; };
		8A0A88F8227CE39C00A1360C /* MimeType.swift in Sources */ = {isa = PBXBuildFile; fileRef = 4612851D2051DB770061EC21 /* MimeType.swift */; };
		8A67FC2B22666F81005A5038 /* OfflineFile+MimeType.swift in Sources */ = {isa = PBXBuildFile; fileRef = 8A67FC2A22666F81005A5038 /* OfflineFile+MimeType.swift */; };
		9938343D22CBAAA2002A8213 /* Toast.swift in Sources */ = {isa = PBXBuildFile; fileRef = 9938343C22CBAAA2002A8213 /* Toast.swift */; };
		993EC87522E6959800AF5F1F /* RootContainerViewController.swift in Sources */ = {isa = PBXBuildFile; fileRef = 993EC87422E6959800AF5F1F /* RootContainerViewController.swift */; };
		99CF9D7F22E288BB0060C0E5 /* QueueViewController.swift in Sources */ = {isa = PBXBuildFile; fileRef = 99CF9D7E22E288BB0060C0E5 /* QueueViewController.swift */; };
		AD8F2FDB226E9331009C8C4B /* CoreDataStack+DropDatabase.swift in Sources */ = {isa = PBXBuildFile; fileRef = AD8F2FD9226E9331009C8C4B /* CoreDataStack+DropDatabase.swift */; };
		AD8F2FDC226E9331009C8C4B /* CoreDataStack+AutoSaving.swift in Sources */ = {isa = PBXBuildFile; fileRef = AD8F2FDA226E9331009C8C4B /* CoreDataStack+AutoSaving.swift */; };
		AD8F2FE0226E9351009C8C4B /* SettingsViewController+TableViewDataSource.swift in Sources */ = {isa = PBXBuildFile; fileRef = AD8F2FDD226E9351009C8C4B /* SettingsViewController+TableViewDataSource.swift */; };
		AD8F2FE1226E9351009C8C4B /* SettingsViewController+MFMailComposeViewControllerDelegate.swift in Sources */ = {isa = PBXBuildFile; fileRef = AD8F2FDE226E9351009C8C4B /* SettingsViewController+MFMailComposeViewControllerDelegate.swift */; };
		AD8F2FE2226E9351009C8C4B /* SettingsViewController+TableViewDelegate.swift in Sources */ = {isa = PBXBuildFile; fileRef = AD8F2FDF226E9351009C8C4B /* SettingsViewController+TableViewDelegate.swift */; };
		ADAFF8D6224F6DB700287409 /* ThumbnailGenerator.swift in Sources */ = {isa = PBXBuildFile; fileRef = ADAFF8D5224F6DB700287409 /* ThumbnailGenerator.swift */; };
		ADAFF8D822501F5B00287409 /* PDFThumbnailGenerator.swift in Sources */ = {isa = PBXBuildFile; fileRef = ADAFF8D722501F5B00287409 /* PDFThumbnailGenerator.swift */; };
		ADAFF8DA22501F7A00287409 /* VideoThumbnailGenerator.swift in Sources */ = {isa = PBXBuildFile; fileRef = ADAFF8D922501F7A00287409 /* VideoThumbnailGenerator.swift */; };
		ADAFF8DC2250209700287409 /* AudioThumbnailGenerator.swift in Sources */ = {isa = PBXBuildFile; fileRef = ADAFF8DB2250209700287409 /* AudioThumbnailGenerator.swift */; };
		C80F3F4A20D47423000901B4 /* OfflineFileState.swift in Sources */ = {isa = PBXBuildFile; fileRef = C80F3F4920D47422000901B4 /* OfflineFileState.swift */; };
		C83C637320386DD90089B9D8 /* BaseContract.swift in Sources */ = {isa = PBXBuildFile; fileRef = C83C637020386DD90089B9D8 /* BaseContract.swift */; };
		C83C637420386DD90089B9D8 /* BaseUIViewController+BaseView.swift in Sources */ = {isa = PBXBuildFile; fileRef = C83C637120386DD90089B9D8 /* BaseUIViewController+BaseView.swift */; };
		C83C637520386DD90089B9D8 /* BaseUIViewController.swift in Sources */ = {isa = PBXBuildFile; fileRef = C83C637220386DD90089B9D8 /* BaseUIViewController.swift */; };
		C83C637E2038D5150089B9D8 /* StringIdentifiers.swift in Sources */ = {isa = PBXBuildFile; fileRef = C83C637B2038D5150089B9D8 /* StringIdentifiers.swift */; };
		C83C638F2038D5B30089B9D8 /* LocalStorage.swift in Sources */ = {isa = PBXBuildFile; fileRef = C83C63812038D5B30089B9D8 /* LocalStorage.swift */; };
		C83C63902038D5B30089B9D8 /* PersistenceIdentifiers.swift in Sources */ = {isa = PBXBuildFile; fileRef = C83C63822038D5B30089B9D8 /* PersistenceIdentifiers.swift */; };
		C83C63912038D5B30089B9D8 /* StringLiterals.swift in Sources */ = {isa = PBXBuildFile; fileRef = C83C63832038D5B30089B9D8 /* StringLiterals.swift */; };
		C83C63922038D5B30089B9D8 /* AmahiApi.swift in Sources */ = {isa = PBXBuildFile; fileRef = C83C63862038D5B30089B9D8 /* AmahiApi.swift */; };
		C83C63952038D5B30089B9D8 /* ApiConfig.swift in Sources */ = {isa = PBXBuildFile; fileRef = C83C63892038D5B30089B9D8 /* ApiConfig.swift */; };
		C83C63992038D5B30089B9D8 /* AuthResponses.swift in Sources */ = {isa = PBXBuildFile; fileRef = C83C638E2038D5B30089B9D8 /* AuthResponses.swift */; };
		C83C639D203992460089B9D8 /* LoginPresenter.swift in Sources */ = {isa = PBXBuildFile; fileRef = C83C639C203992460089B9D8 /* LoginPresenter.swift */; };
		C83C639F2039B16C0089B9D8 /* ServerViewController.swift in Sources */ = {isa = PBXBuildFile; fileRef = C83C639E2039B16C0089B9D8 /* ServerViewController.swift */; };
		C8490D1520C847F90052D636 /* VideoPlayer.storyboard in Resources */ = {isa = PBXBuildFile; fileRef = C8490D1420C847F90052D636 /* VideoPlayer.storyboard */; };
		C84BBA5E20F37EF20030536F /* Notification.swift in Sources */ = {isa = PBXBuildFile; fileRef = C84BBA5D20F37EF20030536F /* Notification.swift */; };
		C866E5552042D02A0083A606 /* VideoPlayerViewController.swift in Sources */ = {isa = PBXBuildFile; fileRef = C866E5542042D02A0083A606 /* VideoPlayerViewController.swift */; };
		C86CA91020D3937A00C8EDCA /* OfflineFilesPresenter.swift in Sources */ = {isa = PBXBuildFile; fileRef = C86CA90F20D3937A00C8EDCA /* OfflineFilesPresenter.swift */; };
		C86CA91320D3A84A00C8EDCA /* OfflineFilesModel.xcdatamodeld in Sources */ = {isa = PBXBuildFile; fileRef = C86CA91120D3A84A00C8EDCA /* OfflineFilesModel.xcdatamodeld */; };
		C86CA91520D3C65400C8EDCA /* CoreDataStack.swift in Sources */ = {isa = PBXBuildFile; fileRef = C86CA91420D3C65400C8EDCA /* CoreDataStack.swift */; };
		C86CA92920D3D26300C8EDCA /* OfflineFile+CoreData.swift in Sources */ = {isa = PBXBuildFile; fileRef = C86CA92720D3D26300C8EDCA /* OfflineFile+CoreData.swift */; };
		C86CA92A20D3D26300C8EDCA /* OfflineFile+CoreDataProperties.swift in Sources */ = {isa = PBXBuildFile; fileRef = C86CA92820D3D26300C8EDCA /* OfflineFile+CoreDataProperties.swift */; };
		C878C97C205DF4060039C23A /* UIColor.swift in Sources */ = {isa = PBXBuildFile; fileRef = C878C97B205DF4060039C23A /* UIColor.swift */; };
		C88E5A7120B543B2006518B6 /* FileManager.swift in Sources */ = {isa = PBXBuildFile; fileRef = C88E5A7020B543B1006518B6 /* FileManager.swift */; };
		C88E5A7620B66B46006518B6 /* Date.swift in Sources */ = {isa = PBXBuildFile; fileRef = C88E5A7520B66B44006518B6 /* Date.swift */; };
		C8D86160209490230014D8AC /* WebViewController.swift in Sources */ = {isa = PBXBuildFile; fileRef = C8D8615F209490230014D8AC /* WebViewController.swift */; };
		C8DA5B1820D5D7EA00F5A527 /* Download.swift in Sources */ = {isa = PBXBuildFile; fileRef = C8DA5B1720D5D7EA00F5A527 /* Download.swift */; };
		C8DA5B1A20D5DC2200F5A527 /* DownloadService.swift in Sources */ = {isa = PBXBuildFile; fileRef = C8DA5B1920D5DC2200F5A527 /* DownloadService.swift */; };
		C8DA5B1C20D5DEC200F5A527 /* FilesViewController+FilesViewDelegates.swift in Sources */ = {isa = PBXBuildFile; fileRef = C8DA5B1B20D5DEC200F5A527 /* FilesViewController+FilesViewDelegates.swift */; };
		C8DA5B2020D5E09000F5A527 /* FilesViewController+UISearchDelegate.swift in Sources */ = {isa = PBXBuildFile; fileRef = C8DA5B1F20D5E09000F5A527 /* FilesViewController+UISearchDelegate.swift */; };
		C8DA5B2920D5E18800F5A527 /* FileSort.swift in Sources */ = {isa = PBXBuildFile; fileRef = C8DA5B2820D5E18800F5A527 /* FileSort.swift */; };
		C8DA5B2D20D7283400F5A527 /* DownloadService+URLSessionDelegate.swift in Sources */ = {isa = PBXBuildFile; fileRef = C8DA5B2C20D7282E00F5A527 /* DownloadService+URLSessionDelegate.swift */; };
		C8DA5B2F20D7A1CA00F5A527 /* OfflineFileSort.swift in Sources */ = {isa = PBXBuildFile; fileRef = C8DA5B2E20D7A1CA00F5A527 /* OfflineFileSort.swift */; };
		C8DA5B3520D8741000F5A527 /* String.swift in Sources */ = {isa = PBXBuildFile; fileRef = C8DA5B3420D8740F00F5A527 /* String.swift */; };
		C8DEBFAB20BAE1D300B09AED /* ConnectionModeManager.swift in Sources */ = {isa = PBXBuildFile; fileRef = C8DEBFAA20BAE1D200B09AED /* ConnectionModeManager.swift */; };
		C8DEBFAD20BB1AEF00B09AED /* Alamofire.swift in Sources */ = {isa = PBXBuildFile; fileRef = C8DEBFAC20BB1AEF00B09AED /* Alamofire.swift */; };
		C8ED025920B3E30300015846 /* URL.swift in Sources */ = {isa = PBXBuildFile; fileRef = C8ED025820B3E2F800015846 /* URL.swift */; };
		FB71BE98201CB2FC0005492C /* AppDelegate.swift in Sources */ = {isa = PBXBuildFile; fileRef = FB71BE97201CB2FC0005492C /* AppDelegate.swift */; };
		FB71BE9A201CB2FC0005492C /* LoginViewController.swift in Sources */ = {isa = PBXBuildFile; fileRef = FB71BE99201CB2FC0005492C /* LoginViewController.swift */; };
		FB71BE9D201CB2FC0005492C /* Main.storyboard in Resources */ = {isa = PBXBuildFile; fileRef = FB71BE9B201CB2FC0005492C /* Main.storyboard */; };
		FB71BE9F201CB2FC0005492C /* Assets.xcassets in Resources */ = {isa = PBXBuildFile; fileRef = FB71BE9E201CB2FC0005492C /* Assets.xcassets */; };
		FB71BEA2201CB2FC0005492C /* LaunchScreen.storyboard in Resources */ = {isa = PBXBuildFile; fileRef = FB71BEA0201CB2FC0005492C /* LaunchScreen.storyboard */; };
		FD40DD1322A8C889005D97EB /* Audio2PlayerViewController.swift in Sources */ = {isa = PBXBuildFile; fileRef = FD40DD1222A8C889005D97EB /* Audio2PlayerViewController.swift */; };
		FDF80E92229FA41A0087F9B8 /* VideoPlayerSettings.swift in Sources */ = {isa = PBXBuildFile; fileRef = FDF80E91229FA41A0087F9B8 /* VideoPlayerSettings.swift */; };
		FDF80E94229FB2060087F9B8 /* VideoMenuCellSettings.swift in Sources */ = {isa = PBXBuildFile; fileRef = FDF80E93229FB2060087F9B8 /* VideoMenuCellSettings.swift */; };
/* End PBXBuildFile section */

/* Begin PBXFileReference section */
		04BA8995211D56F400E7A868 /* AmahiLogger.swift */ = {isa = PBXFileReference; lastKnownFileType = sourcecode.swift; path = AmahiLogger.swift; sourceTree = "<group>"; };
		0AA5E184203F36DD0010FD47 /* Amahi Logo White Font.png */ = {isa = PBXFileReference; lastKnownFileType = image.png; path = "Amahi Logo White Font.png"; sourceTree = "<group>"; };
		3B1B35A323080E710058B1D8 /* UINavigationItem.swift */ = {isa = PBXFileReference; lastKnownFileType = sourcecode.swift; path = UINavigationItem.swift; sourceTree = "<group>"; };
		3B24FE112296F4330044721D /* WalkthroughViewController.swift */ = {isa = PBXFileReference; lastKnownFileType = sourcecode.swift; path = WalkthroughViewController.swift; sourceTree = "<group>"; };
		3B24FE152297086A0044721D /* WalkthroughAmahiCell.xib */ = {isa = PBXFileReference; lastKnownFileType = file.xib; path = WalkthroughAmahiCell.xib; sourceTree = "<group>"; };
		3B24FE1722970B6B0044721D /* WalkthroughCell.xib */ = {isa = PBXFileReference; lastKnownFileType = file.xib; path = WalkthroughCell.xib; sourceTree = "<group>"; };
		3B24FE1922970B860044721D /* WalkthroughCollectionCell.swift */ = {isa = PBXFileReference; lastKnownFileType = sourcecode.swift; path = WalkthroughCollectionCell.swift; sourceTree = "<group>"; };
		3B33324D22BAA17C00BC61EB /* FilteredServerFile.swift */ = {isa = PBXFileReference; lastKnownFileType = sourcecode.swift; path = FilteredServerFile.swift; sourceTree = "<group>"; };
		3B33324F22BAA26600BC61EB /* FilesGridCollectionCell.swift */ = {isa = PBXFileReference; lastKnownFileType = sourcecode.swift; path = FilesGridCollectionCell.swift; sourceTree = "<group>"; };
		3B33325122BAA27E00BC61EB /* FilesListCollectionViewCell.swift */ = {isa = PBXFileReference; lastKnownFileType = sourcecode.swift; path = FilesListCollectionViewCell.swift; sourceTree = "<group>"; };
		3B33325322BAA29700BC61EB /* FilesCollectionHeaderView.swift */ = {isa = PBXFileReference; lastKnownFileType = sourcecode.swift; path = FilesCollectionHeaderView.swift; sourceTree = "<group>"; };
		3B33325522BAA2AF00BC61EB /* FilesCollectionFooterView.swift */ = {isa = PBXFileReference; lastKnownFileType = sourcecode.swift; path = FilesCollectionFooterView.swift; sourceTree = "<group>"; };
		3B33325722BAA3C200BC61EB /* SortView.swift */ = {isa = PBXFileReference; lastKnownFileType = sourcecode.swift; path = SortView.swift; sourceTree = "<group>"; };
		3B33325922BAA40B00BC61EB /* FilesViewController+UICollectionViewDelegates.swift */ = {isa = PBXFileReference; lastKnownFileType = sourcecode.swift; path = "FilesViewController+UICollectionViewDelegates.swift"; sourceTree = "<group>"; };
		3B33325B22BAA4BA00BC61EB /* FilesViewController+Sorting.swift */ = {isa = PBXFileReference; lastKnownFileType = sourcecode.swift; path = "FilesViewController+Sorting.swift"; sourceTree = "<group>"; };
		3B33325D22BAB05C00BC61EB /* FilesBaseCollectionViewCell.swift */ = {isa = PBXFileReference; lastKnownFileType = sourcecode.swift; path = FilesBaseCollectionViewCell.swift; sourceTree = "<group>"; };
		3B33325F22BAB2A800BC61EB /* SortViewTableViewCell.swift */ = {isa = PBXFileReference; lastKnownFileType = sourcecode.swift; path = SortViewTableViewCell.swift; sourceTree = "<group>"; };
		3B37EBAE22ED11650065CB77 /* Units.swift */ = {isa = PBXFileReference; lastKnownFileType = sourcecode.swift; path = Units.swift; sourceTree = "<group>"; };
		3B37EBB522F204020065CB77 /* HDAPinAuthVC.swift */ = {isa = PBXFileReference; lastKnownFileType = sourcecode.swift; path = HDAPinAuthVC.swift; sourceTree = "<group>"; };
		3B37EBB722F2D9F60065CB77 /* AuthTokenResponse.swift */ = {isa = PBXFileReference; lastKnownFileType = sourcecode.swift; path = AuthTokenResponse.swift; sourceTree = "<group>"; };
		3B3F43D922FD812700BB42B0 /* AudioPlayerViewController.swift */ = {isa = PBXFileReference; lastKnownFileType = sourcecode.swift; path = AudioPlayerViewController.swift; sourceTree = "<group>"; };
		3B3F43DB22FECF3700BB42B0 /* AudioPlayerViewController+Gesture.swift */ = {isa = PBXFileReference; lastKnownFileType = sourcecode.swift; path = "AudioPlayerViewController+Gesture.swift"; sourceTree = "<group>"; };
		3B3F43DE22FECF7300BB42B0 /* DissmissAnimator.swift */ = {isa = PBXFileReference; lastKnownFileType = sourcecode.swift; path = DissmissAnimator.swift; sourceTree = "<group>"; };
		3B3F43E022FECF9300BB42B0 /* Interactor.swift */ = {isa = PBXFileReference; lastKnownFileType = sourcecode.swift; path = Interactor.swift; sourceTree = "<group>"; };
		3B3F43E222FED06A00BB42B0 /* AudioPlayerViewController+UpdatesUI.swift */ = {isa = PBXFileReference; lastKnownFileType = sourcecode.swift; path = "AudioPlayerViewController+UpdatesUI.swift"; sourceTree = "<group>"; };
		3B3F43E422FED10100BB42B0 /* AudioPlayerViewController+Player.swift */ = {isa = PBXFileReference; lastKnownFileType = sourcecode.swift; path = "AudioPlayerViewController+Player.swift"; sourceTree = "<group>"; };
		3B3F43E622FED14900BB42B0 /* AudioPlayerViewController+Remote.swift */ = {isa = PBXFileReference; lastKnownFileType = sourcecode.swift; path = "AudioPlayerViewController+Remote.swift"; sourceTree = "<group>"; };
		3B4DB99622A0431100AF287B /* ServerCollectionViewCell.swift */ = {isa = PBXFileReference; lastKnownFileType = sourcecode.swift; path = ServerCollectionViewCell.swift; sourceTree = "<group>"; };
		3B84E87C2299587B00E37A74 /* UIView.swift */ = {isa = PBXFileReference; lastKnownFileType = sourcecode.swift; path = UIView.swift; sourceTree = "<group>"; };
		3BB315D322E1143600A0FDAD /* SharesCollectionViewCell.swift */ = {isa = PBXFileReference; lastKnownFileType = sourcecode.swift; path = SharesCollectionViewCell.swift; sourceTree = "<group>"; };
		3BCAFBA022C537C10044057E /* DownloadsListCollectionCell.swift */ = {isa = PBXFileReference; lastKnownFileType = sourcecode.swift; path = DownloadsListCollectionCell.swift; sourceTree = "<group>"; };
		3BCAFBA222C537DE0044057E /* DownloadsGridCollectionCell.swift */ = {isa = PBXFileReference; lastKnownFileType = sourcecode.swift; path = DownloadsGridCollectionCell.swift; sourceTree = "<group>"; };
		3BCAFBA422C5385D0044057E /* DownloadsBaseCollectionCell.swift */ = {isa = PBXFileReference; lastKnownFileType = sourcecode.swift; path = DownloadsBaseCollectionCell.swift; sourceTree = "<group>"; };
		3BCAFBA622C53E2A0044057E /* OfflineFilesViewController.swift */ = {isa = PBXFileReference; lastKnownFileType = sourcecode.swift; path = OfflineFilesViewController.swift; sourceTree = "<group>"; };
		3BCAFBA822C68CF70044057E /* FilteredOfflineFile.swift */ = {isa = PBXFileReference; lastKnownFileType = sourcecode.swift; path = FilteredOfflineFile.swift; sourceTree = "<group>"; };
		3BCAFBAA22C6DB830044057E /* OfflineFilesViewController+SearchDelegates.swift */ = {isa = PBXFileReference; lastKnownFileType = sourcecode.swift; path = "OfflineFilesViewController+SearchDelegates.swift"; sourceTree = "<group>"; };
		3BCAFBAC22C6DBCB0044057E /* OfflineFilesViewController+UICollectionViewDelegates.swift */ = {isa = PBXFileReference; lastKnownFileType = sourcecode.swift; path = "OfflineFilesViewController+UICollectionViewDelegates.swift"; sourceTree = "<group>"; };
		3BCAFBAE22C6DC1A0044057E /* OfflineFilesViewController+Sorting.swift */ = {isa = PBXFileReference; lastKnownFileType = sourcecode.swift; path = "OfflineFilesViewController+Sorting.swift"; sourceTree = "<group>"; };
		3BCAFBB022C6DC460044057E /* OfflineFilesViewController+FilesView.swift */ = {isa = PBXFileReference; lastKnownFileType = sourcecode.swift; path = "OfflineFilesViewController+FilesView.swift"; sourceTree = "<group>"; };
		3BF1E81922D0288700C531CD /* OfflineFileIndexes.swift */ = {isa = PBXFileReference; lastKnownFileType = sourcecode.swift; path = OfflineFileIndexes.swift; sourceTree = "<group>"; };
		3BF1E81B22D07E9800C531CD /* UIApplication.swift */ = {isa = PBXFileReference; lastKnownFileType = sourcecode.swift; path = UIApplication.swift; sourceTree = "<group>"; };
		3BF4592722CD702C00C020A4 /* GlobalLayoutView.swift */ = {isa = PBXFileReference; lastKnownFileType = sourcecode.swift; path = GlobalLayoutView.swift; sourceTree = "<group>"; };
		4605963E204E24DF004FA066 /* ServerPresenter.swift */ = {isa = PBXFileReference; lastKnownFileType = sourcecode.swift; path = ServerPresenter.swift; sourceTree = "<group>"; };
		46059642204E8B41004FA066 /* BaseUITableViewController.swift */ = {isa = PBXFileReference; lastKnownFileType = sourcecode.swift; path = BaseUITableViewController.swift; sourceTree = "<group>"; };
		46059644204EE17D004FA066 /* SharesViewController.swift */ = {isa = PBXFileReference; lastKnownFileType = sourcecode.swift; path = SharesViewController.swift; sourceTree = "<group>"; };
		4605964A204F35E9004FA066 /* ServerRoute.swift */ = {isa = PBXFileReference; lastKnownFileType = sourcecode.swift; path = ServerRoute.swift; sourceTree = "<group>"; };
		4605964C204F3666004FA066 /* ServerShare.swift */ = {isa = PBXFileReference; lastKnownFileType = sourcecode.swift; path = ServerShare.swift; sourceTree = "<group>"; };
		46098D01204FDBEE00752EB6 /* ApiEndPoints.swift */ = {isa = PBXFileReference; lastKnownFileType = sourcecode.swift; path = ApiEndPoints.swift; sourceTree = "<group>"; };
		46098D03204FDF5500752EB6 /* ServerFile.swift */ = {isa = PBXFileReference; lastKnownFileType = sourcecode.swift; path = ServerFile.swift; sourceTree = "<group>"; };
		46098D07204FFFBE00752EB6 /* ServerApi.swift */ = {isa = PBXFileReference; lastKnownFileType = sourcecode.swift; path = ServerApi.swift; sourceTree = "<group>"; };
		46098D092050114C00752EB6 /* Network.swift */ = {isa = PBXFileReference; lastKnownFileType = sourcecode.swift; path = Network.swift; sourceTree = "<group>"; };
		4612851D2051DB770061EC21 /* MimeType.swift */ = {isa = PBXFileReference; lastKnownFileType = sourcecode.swift; path = MimeType.swift; sourceTree = "<group>"; };
		4665718020507847000E0D45 /* FilesViewController.swift */ = {isa = PBXFileReference; lastKnownFileType = sourcecode.swift; path = FilesViewController.swift; sourceTree = "<group>"; };
		46657182205085FC000E0D45 /* FilesPresenter.swift */ = {isa = PBXFileReference; lastKnownFileType = sourcecode.swift; path = FilesPresenter.swift; sourceTree = "<group>"; };
		46CB896A204FB0FC0031151F /* SharesPresenter.swift */ = {isa = PBXFileReference; lastKnownFileType = sourcecode.swift; path = SharesPresenter.swift; sourceTree = "<group>"; };
		46F87396204CC69500F1AF37 /* Server.swift */ = {isa = PBXFileReference; lastKnownFileType = sourcecode.swift; path = Server.swift; sourceTree = "<group>"; };
		499AAFCDBDAB4C05C7264992 /* Pods-AmahiAnywhere.release.xcconfig */ = {isa = PBXFileReference; includeInIndex = 1; lastKnownFileType = text.xcconfig; name = "Pods-AmahiAnywhere.release.xcconfig"; path = "Pods/Target Support Files/Pods-AmahiAnywhere/Pods-AmahiAnywhere.release.xcconfig"; sourceTree = "<group>"; };
		665E1C7EF1F0DEBF3A9809B0 /* Pods-AmahiAnywhere.debug.xcconfig */ = {isa = PBXFileReference; includeInIndex = 1; lastKnownFileType = text.xcconfig; name = "Pods-AmahiAnywhere.debug.xcconfig"; path = "Pods/Target Support Files/Pods-AmahiAnywhere/Pods-AmahiAnywhere.debug.xcconfig"; sourceTree = "<group>"; };
		80F3FDC6206C0D4D0061CD51 /* ConnectionViewController.swift */ = {isa = PBXFileReference; lastKnownFileType = sourcecode.swift; path = ConnectionViewController.swift; sourceTree = "<group>"; };
		80F606FF206BE1530098BC60 /* SettingsViewController.swift */ = {isa = PBXFileReference; lastKnownFileType = sourcecode.swift; path = SettingsViewController.swift; sourceTree = "<group>"; };
		8A67FC2A22666F81005A5038 /* OfflineFile+MimeType.swift */ = {isa = PBXFileReference; lastKnownFileType = sourcecode.swift; path = "OfflineFile+MimeType.swift"; sourceTree = "<group>"; };
		9913634D22D5D2F100B48586 /* AmahiAnywhere.entitlements */ = {isa = PBXFileReference; lastKnownFileType = text.plist.entitlements; path = AmahiAnywhere.entitlements; sourceTree = "<group>"; };
		9938343C22CBAAA2002A8213 /* Toast.swift */ = {isa = PBXFileReference; lastKnownFileType = sourcecode.swift; path = Toast.swift; sourceTree = "<group>"; };
		993EC87422E6959800AF5F1F /* RootContainerViewController.swift */ = {isa = PBXFileReference; lastKnownFileType = sourcecode.swift; path = RootContainerViewController.swift; sourceTree = "<group>"; };
		99CF9D7E22E288BB0060C0E5 /* QueueViewController.swift */ = {isa = PBXFileReference; lastKnownFileType = sourcecode.swift; path = QueueViewController.swift; sourceTree = "<group>"; };
		AD8F2FD9226E9331009C8C4B /* CoreDataStack+DropDatabase.swift */ = {isa = PBXFileReference; fileEncoding = 4; lastKnownFileType = sourcecode.swift; path = "CoreDataStack+DropDatabase.swift"; sourceTree = "<group>"; };
		AD8F2FDA226E9331009C8C4B /* CoreDataStack+AutoSaving.swift */ = {isa = PBXFileReference; fileEncoding = 4; lastKnownFileType = sourcecode.swift; path = "CoreDataStack+AutoSaving.swift"; sourceTree = "<group>"; };
		AD8F2FDD226E9351009C8C4B /* SettingsViewController+TableViewDataSource.swift */ = {isa = PBXFileReference; fileEncoding = 4; lastKnownFileType = sourcecode.swift; path = "SettingsViewController+TableViewDataSource.swift"; sourceTree = "<group>"; };
		AD8F2FDE226E9351009C8C4B /* SettingsViewController+MFMailComposeViewControllerDelegate.swift */ = {isa = PBXFileReference; fileEncoding = 4; lastKnownFileType = sourcecode.swift; path = "SettingsViewController+MFMailComposeViewControllerDelegate.swift"; sourceTree = "<group>"; };
		AD8F2FDF226E9351009C8C4B /* SettingsViewController+TableViewDelegate.swift */ = {isa = PBXFileReference; fileEncoding = 4; lastKnownFileType = sourcecode.swift; path = "SettingsViewController+TableViewDelegate.swift"; sourceTree = "<group>"; };
		ADAFF8D5224F6DB700287409 /* ThumbnailGenerator.swift */ = {isa = PBXFileReference; lastKnownFileType = sourcecode.swift; path = ThumbnailGenerator.swift; sourceTree = "<group>"; };
		ADAFF8D722501F5B00287409 /* PDFThumbnailGenerator.swift */ = {isa = PBXFileReference; lastKnownFileType = sourcecode.swift; path = PDFThumbnailGenerator.swift; sourceTree = "<group>"; };
		ADAFF8D922501F7A00287409 /* VideoThumbnailGenerator.swift */ = {isa = PBXFileReference; lastKnownFileType = sourcecode.swift; path = VideoThumbnailGenerator.swift; sourceTree = "<group>"; };
		ADAFF8DB2250209700287409 /* AudioThumbnailGenerator.swift */ = {isa = PBXFileReference; lastKnownFileType = sourcecode.swift; path = AudioThumbnailGenerator.swift; sourceTree = "<group>"; };
		C80F3F4920D47422000901B4 /* OfflineFileState.swift */ = {isa = PBXFileReference; lastKnownFileType = sourcecode.swift; path = OfflineFileState.swift; sourceTree = "<group>"; };
		C83C637020386DD90089B9D8 /* BaseContract.swift */ = {isa = PBXFileReference; fileEncoding = 4; lastKnownFileType = sourcecode.swift; path = BaseContract.swift; sourceTree = "<group>"; };
		C83C637120386DD90089B9D8 /* BaseUIViewController+BaseView.swift */ = {isa = PBXFileReference; fileEncoding = 4; lastKnownFileType = sourcecode.swift; path = "BaseUIViewController+BaseView.swift"; sourceTree = "<group>"; };
		C83C637220386DD90089B9D8 /* BaseUIViewController.swift */ = {isa = PBXFileReference; fileEncoding = 4; lastKnownFileType = sourcecode.swift; path = BaseUIViewController.swift; sourceTree = "<group>"; };
		C83C637B2038D5150089B9D8 /* StringIdentifiers.swift */ = {isa = PBXFileReference; fileEncoding = 4; lastKnownFileType = sourcecode.swift; path = StringIdentifiers.swift; sourceTree = "<group>"; };
		C83C63812038D5B30089B9D8 /* LocalStorage.swift */ = {isa = PBXFileReference; fileEncoding = 4; lastKnownFileType = sourcecode.swift; path = LocalStorage.swift; sourceTree = "<group>"; };
		C83C63822038D5B30089B9D8 /* PersistenceIdentifiers.swift */ = {isa = PBXFileReference; fileEncoding = 4; lastKnownFileType = sourcecode.swift; path = PersistenceIdentifiers.swift; sourceTree = "<group>"; };
		C83C63832038D5B30089B9D8 /* StringLiterals.swift */ = {isa = PBXFileReference; fileEncoding = 4; lastKnownFileType = sourcecode.swift; path = StringLiterals.swift; sourceTree = "<group>"; };
		C83C63862038D5B30089B9D8 /* AmahiApi.swift */ = {isa = PBXFileReference; fileEncoding = 4; lastKnownFileType = sourcecode.swift; path = AmahiApi.swift; sourceTree = "<group>"; };
		C83C63892038D5B30089B9D8 /* ApiConfig.swift */ = {isa = PBXFileReference; fileEncoding = 4; lastKnownFileType = sourcecode.swift; path = ApiConfig.swift; sourceTree = "<group>"; };
		C83C638E2038D5B30089B9D8 /* AuthResponses.swift */ = {isa = PBXFileReference; fileEncoding = 4; lastKnownFileType = sourcecode.swift; path = AuthResponses.swift; sourceTree = "<group>"; };
		C83C639C203992460089B9D8 /* LoginPresenter.swift */ = {isa = PBXFileReference; lastKnownFileType = sourcecode.swift; path = LoginPresenter.swift; sourceTree = "<group>"; };
		C83C639E2039B16C0089B9D8 /* ServerViewController.swift */ = {isa = PBXFileReference; lastKnownFileType = sourcecode.swift; path = ServerViewController.swift; sourceTree = "<group>"; };
		C8490D1420C847F90052D636 /* VideoPlayer.storyboard */ = {isa = PBXFileReference; lastKnownFileType = file.storyboard; path = VideoPlayer.storyboard; sourceTree = "<group>"; };
		C84BBA5D20F37EF20030536F /* Notification.swift */ = {isa = PBXFileReference; lastKnownFileType = sourcecode.swift; path = Notification.swift; sourceTree = "<group>"; };
		C866E5532042373D0083A606 /* AmahiAnywhere-Bridging-Header.h */ = {isa = PBXFileReference; lastKnownFileType = sourcecode.c.h; path = "AmahiAnywhere-Bridging-Header.h"; sourceTree = "<group>"; };
		C866E5542042D02A0083A606 /* VideoPlayerViewController.swift */ = {isa = PBXFileReference; lastKnownFileType = sourcecode.swift; path = VideoPlayerViewController.swift; sourceTree = "<group>"; };
		C86CA90F20D3937A00C8EDCA /* OfflineFilesPresenter.swift */ = {isa = PBXFileReference; lastKnownFileType = sourcecode.swift; path = OfflineFilesPresenter.swift; sourceTree = "<group>"; };
		C86CA91220D3A84A00C8EDCA /* OfflineFilesModel.xcdatamodel */ = {isa = PBXFileReference; lastKnownFileType = wrapper.xcdatamodel; path = OfflineFilesModel.xcdatamodel; sourceTree = "<group>"; };
		C86CA91420D3C65400C8EDCA /* CoreDataStack.swift */ = {isa = PBXFileReference; lastKnownFileType = sourcecode.swift; path = CoreDataStack.swift; sourceTree = "<group>"; };
		C86CA92720D3D26300C8EDCA /* OfflineFile+CoreData.swift */ = {isa = PBXFileReference; lastKnownFileType = sourcecode.swift; path = "OfflineFile+CoreData.swift"; sourceTree = "<group>"; };
		C86CA92820D3D26300C8EDCA /* OfflineFile+CoreDataProperties.swift */ = {isa = PBXFileReference; lastKnownFileType = sourcecode.swift; path = "OfflineFile+CoreDataProperties.swift"; sourceTree = "<group>"; };
		C878C97B205DF4060039C23A /* UIColor.swift */ = {isa = PBXFileReference; lastKnownFileType = sourcecode.swift; path = UIColor.swift; sourceTree = "<group>"; };
		C88E5A7020B543B1006518B6 /* FileManager.swift */ = {isa = PBXFileReference; lastKnownFileType = sourcecode.swift; path = FileManager.swift; sourceTree = "<group>"; };
		C88E5A7520B66B44006518B6 /* Date.swift */ = {isa = PBXFileReference; lastKnownFileType = sourcecode.swift; path = Date.swift; sourceTree = "<group>"; };
		C8D8615F209490230014D8AC /* WebViewController.swift */ = {isa = PBXFileReference; lastKnownFileType = sourcecode.swift; path = WebViewController.swift; sourceTree = "<group>"; };
		C8DA5B1720D5D7EA00F5A527 /* Download.swift */ = {isa = PBXFileReference; lastKnownFileType = sourcecode.swift; path = Download.swift; sourceTree = "<group>"; };
		C8DA5B1920D5DC2200F5A527 /* DownloadService.swift */ = {isa = PBXFileReference; lastKnownFileType = sourcecode.swift; path = DownloadService.swift; sourceTree = "<group>"; };
		C8DA5B1B20D5DEC200F5A527 /* FilesViewController+FilesViewDelegates.swift */ = {isa = PBXFileReference; lastKnownFileType = sourcecode.swift; path = "FilesViewController+FilesViewDelegates.swift"; sourceTree = "<group>"; };
		C8DA5B1F20D5E09000F5A527 /* FilesViewController+UISearchDelegate.swift */ = {isa = PBXFileReference; lastKnownFileType = sourcecode.swift; path = "FilesViewController+UISearchDelegate.swift"; sourceTree = "<group>"; };
		C8DA5B2820D5E18800F5A527 /* FileSort.swift */ = {isa = PBXFileReference; lastKnownFileType = sourcecode.swift; path = FileSort.swift; sourceTree = "<group>"; };
		C8DA5B2C20D7282E00F5A527 /* DownloadService+URLSessionDelegate.swift */ = {isa = PBXFileReference; lastKnownFileType = sourcecode.swift; path = "DownloadService+URLSessionDelegate.swift"; sourceTree = "<group>"; };
		C8DA5B2E20D7A1CA00F5A527 /* OfflineFileSort.swift */ = {isa = PBXFileReference; lastKnownFileType = sourcecode.swift; path = OfflineFileSort.swift; sourceTree = "<group>"; };
		C8DA5B3420D8740F00F5A527 /* String.swift */ = {isa = PBXFileReference; lastKnownFileType = sourcecode.swift; path = String.swift; sourceTree = "<group>"; };
		C8DEBFAA20BAE1D200B09AED /* ConnectionModeManager.swift */ = {isa = PBXFileReference; lastKnownFileType = sourcecode.swift; path = ConnectionModeManager.swift; sourceTree = "<group>"; };
		C8DEBFAC20BB1AEF00B09AED /* Alamofire.swift */ = {isa = PBXFileReference; lastKnownFileType = sourcecode.swift; path = Alamofire.swift; sourceTree = "<group>"; };
		C8ED025820B3E2F800015846 /* URL.swift */ = {isa = PBXFileReference; lastKnownFileType = sourcecode.swift; path = URL.swift; sourceTree = "<group>"; };
		F5293AC0952F87B50DCD644D /* Pods_AmahiAnywhere.framework */ = {isa = PBXFileReference; explicitFileType = wrapper.framework; includeInIndex = 0; path = Pods_AmahiAnywhere.framework; sourceTree = BUILT_PRODUCTS_DIR; };
		FB71BE94201CB2FC0005492C /* AmahiAnywhere.app */ = {isa = PBXFileReference; explicitFileType = wrapper.application; includeInIndex = 0; path = AmahiAnywhere.app; sourceTree = BUILT_PRODUCTS_DIR; };
		FB71BE97201CB2FC0005492C /* AppDelegate.swift */ = {isa = PBXFileReference; lastKnownFileType = sourcecode.swift; path = AppDelegate.swift; sourceTree = "<group>"; };
		FB71BE99201CB2FC0005492C /* LoginViewController.swift */ = {isa = PBXFileReference; lastKnownFileType = sourcecode.swift; path = LoginViewController.swift; sourceTree = "<group>"; };
		FB71BE9C201CB2FC0005492C /* Base */ = {isa = PBXFileReference; lastKnownFileType = file.storyboard; name = Base; path = Base.lproj/Main.storyboard; sourceTree = "<group>"; };
		FB71BE9E201CB2FC0005492C /* Assets.xcassets */ = {isa = PBXFileReference; lastKnownFileType = folder.assetcatalog; path = Assets.xcassets; sourceTree = "<group>"; };
		FB71BEA1201CB2FC0005492C /* Base */ = {isa = PBXFileReference; lastKnownFileType = file.storyboard; name = Base; path = Base.lproj/LaunchScreen.storyboard; sourceTree = "<group>"; };
		FB71BEA3201CB2FC0005492C /* Info.plist */ = {isa = PBXFileReference; lastKnownFileType = text.plist.xml; path = Info.plist; sourceTree = "<group>"; };
		FD40DD1222A8C889005D97EB /* Audio2PlayerViewController.swift */ = {isa = PBXFileReference; lastKnownFileType = sourcecode.swift; path = Audio2PlayerViewController.swift; sourceTree = "<group>"; };
		FDF80E91229FA41A0087F9B8 /* VideoPlayerSettings.swift */ = {isa = PBXFileReference; lastKnownFileType = sourcecode.swift; path = VideoPlayerSettings.swift; sourceTree = "<group>"; };
		FDF80E93229FB2060087F9B8 /* VideoMenuCellSettings.swift */ = {isa = PBXFileReference; lastKnownFileType = sourcecode.swift; path = VideoMenuCellSettings.swift; sourceTree = "<group>"; };
/* End PBXFileReference section */

/* Begin PBXFrameworksBuildPhase section */
		FB71BE91201CB2FC0005492C /* Frameworks */ = {
			isa = PBXFrameworksBuildPhase;
			buildActionMask = 2147483647;
			files = (
				07A3AB2E5DFE0D2AD44B0F33 /* Pods_AmahiAnywhere.framework in Frameworks */,
			);
			runOnlyForDeploymentPostprocessing = 0;
		};
/* End PBXFrameworksBuildPhase section */

/* Begin PBXGroup section */
		0479B103210E0FB70052489F /* Managers */ = {
			isa = PBXGroup;
			children = (
				C8DEBFAA20BAE1D200B09AED /* ConnectionModeManager.swift */,
				C8DA5B1920D5DC2200F5A527 /* DownloadService.swift */,
				C8DA5B2C20D7282E00F5A527 /* DownloadService+URLSessionDelegate.swift */,
			);
			path = Managers;
			sourceTree = "<group>";
		};
		3B37EBB422F203DE0065CB77 /* HDA PIN Authentication */ = {
			isa = PBXGroup;
			children = (
				3B37EBB522F204020065CB77 /* HDAPinAuthVC.swift */,
			);
			path = "HDA PIN Authentication";
			sourceTree = "<group>";
		};
		3B3F43D722FD80E100BB42B0 /* Video Player */ = {
			isa = PBXGroup;
			children = (
				C866E5542042D02A0083A606 /* VideoPlayerViewController.swift */,
				FDF80E91229FA41A0087F9B8 /* VideoPlayerSettings.swift */,
				FDF80E93229FB2060087F9B8 /* VideoMenuCellSettings.swift */,
			);
			path = "Video Player";
			sourceTree = "<group>";
		};
		3B3F43D822FD80F000BB42B0 /* Audio Player */ = {
			isa = PBXGroup;
			children = (
				3B3F43DD22FECF5A00BB42B0 /* Animation */,
				3B3F43D922FD812700BB42B0 /* AudioPlayerViewController.swift */,
				3B3F43DB22FECF3700BB42B0 /* AudioPlayerViewController+Gesture.swift */,
				3B3F43E222FED06A00BB42B0 /* AudioPlayerViewController+UpdatesUI.swift */,
				3B3F43E422FED10100BB42B0 /* AudioPlayerViewController+Player.swift */,
				3B3F43E622FED14900BB42B0 /* AudioPlayerViewController+Remote.swift */,
			);
			path = "Audio Player";
			sourceTree = "<group>";
		};
		3B3F43DD22FECF5A00BB42B0 /* Animation */ = {
			isa = PBXGroup;
			children = (
				3B3F43DE22FECF7300BB42B0 /* DissmissAnimator.swift */,
				3B3F43E022FECF9300BB42B0 /* Interactor.swift */,
			);
			path = Animation;
			sourceTree = "<group>";
		};
		3BEBFAE02296F3E10075E8A4 /* Walkthrough */ = {
			isa = PBXGroup;
			children = (
				3B24FE112296F4330044721D /* WalkthroughViewController.swift */,
				3B24FE152297086A0044721D /* WalkthroughAmahiCell.xib */,
				3B24FE1722970B6B0044721D /* WalkthroughCell.xib */,
			);
			path = Walkthrough;
			sourceTree = "<group>";
		};
		99CF9D7D22E2889F0060C0E5 /* Cast */ = {
			isa = PBXGroup;
			children = (
				99CF9D7E22E288BB0060C0E5 /* QueueViewController.swift */,
				993EC87422E6959800AF5F1F /* RootContainerViewController.swift */,
			);
			path = Cast;
			sourceTree = "<group>";
		};
		C446600BA8E0E01249C2486F /* Frameworks */ = {
			isa = PBXGroup;
			children = (
				F5293AC0952F87B50DCD644D /* Pods_AmahiAnywhere.framework */,
			);
			name = Frameworks;
			sourceTree = "<group>";
		};
		C83C636F20386DD90089B9D8 /* Base */ = {
			isa = PBXGroup;
			children = (
				C83C637020386DD90089B9D8 /* BaseContract.swift */,
				C83C637120386DD90089B9D8 /* BaseUIViewController+BaseView.swift */,
				C83C637220386DD90089B9D8 /* BaseUIViewController.swift */,
				46059642204E8B41004FA066 /* BaseUITableViewController.swift */,
			);
			path = Base;
			sourceTree = "<group>";
		};
		C83C63782038D5150089B9D8 /* Utils */ = {
			isa = PBXGroup;
			children = (
				C83C637B2038D5150089B9D8 /* StringIdentifiers.swift */,
				46098D092050114C00752EB6 /* Network.swift */,
				4612851D2051DB770061EC21 /* MimeType.swift */,
				04BA8995211D56F400E7A868 /* AmahiLogger.swift */,
				ADAFF8D5224F6DB700287409 /* ThumbnailGenerator.swift */,
				ADAFF8D722501F5B00287409 /* PDFThumbnailGenerator.swift */,
				ADAFF8D922501F7A00287409 /* VideoThumbnailGenerator.swift */,
				ADAFF8DB2250209700287409 /* AudioThumbnailGenerator.swift */,
				9938343C22CBAAA2002A8213 /* Toast.swift */,
				3B37EBAE22ED11650065CB77 /* Units.swift */,
			);
			path = Utils;
			sourceTree = "<group>";
		};
		C83C637F2038D5B30089B9D8 /* Data */ = {
			isa = PBXGroup;
			children = (
				C83C63802038D5B30089B9D8 /* Local */,
				C83C63842038D5B30089B9D8 /* Remote */,
			);
			path = Data;
			sourceTree = "<group>";
		};
		C83C63802038D5B30089B9D8 /* Local */ = {
			isa = PBXGroup;
			children = (
				AD8F2FDA226E9331009C8C4B /* CoreDataStack+AutoSaving.swift */,
				AD8F2FD9226E9331009C8C4B /* CoreDataStack+DropDatabase.swift */,
				C86CA91620D3C76C00C8EDCA /* Models */,
				C83C63812038D5B30089B9D8 /* LocalStorage.swift */,
				C86CA91420D3C65400C8EDCA /* CoreDataStack.swift */,
				C83C63822038D5B30089B9D8 /* PersistenceIdentifiers.swift */,
				C83C63832038D5B30089B9D8 /* StringLiterals.swift */,
				3BF4592722CD702C00C020A4 /* GlobalLayoutView.swift */,
			);
			path = Local;
			sourceTree = "<group>";
		};
		C83C63842038D5B30089B9D8 /* Remote */ = {
			isa = PBXGroup;
			children = (
				C83C63852038D5B30089B9D8 /* ApiCalls */,
				C83C63892038D5B30089B9D8 /* ApiConfig.swift */,
				C83C638B2038D5B30089B9D8 /* Model */,
				46098D01204FDBEE00752EB6 /* ApiEndPoints.swift */,
			);
			path = Remote;
			sourceTree = "<group>";
		};
		C83C63852038D5B30089B9D8 /* ApiCalls */ = {
			isa = PBXGroup;
			children = (
				C83C63862038D5B30089B9D8 /* AmahiApi.swift */,
				46098D07204FFFBE00752EB6 /* ServerApi.swift */,
			);
			path = ApiCalls;
			sourceTree = "<group>";
		};
		C83C638B2038D5B30089B9D8 /* Model */ = {
			isa = PBXGroup;
			children = (
				C83C638E2038D5B30089B9D8 /* AuthResponses.swift */,
				3B37EBB722F2D9F60065CB77 /* AuthTokenResponse.swift */,
				4605964C204F3666004FA066 /* ServerShare.swift */,
				46F87396204CC69500F1AF37 /* Server.swift */,
				4605964A204F35E9004FA066 /* ServerRoute.swift */,
				46098D03204FDF5500752EB6 /* ServerFile.swift */,
				3B33324D22BAA17C00BC61EB /* FilteredServerFile.swift */,
				3BF1E81922D0288700C531CD /* OfflineFileIndexes.swift */,
			);
			path = Model;
			sourceTree = "<group>";
		};
		C83C639A2039921B0089B9D8 /* Presentation */ = {
			isa = PBXGroup;
			children = (
				3B37EBB422F203DE0065CB77 /* HDA PIN Authentication */,
				99CF9D7D22E2889F0060C0E5 /* Cast */,
				C86CA90A20D30EFC00C8EDCA /* Offline */,
				C8A7A7EB2075A6FF00A9234E /* Settings */,
				C8CE05C9206B21C5006F6807 /* MediaPlayers */,
				C8CE05C8206B21B2006F6807 /* Files */,
				C8CE05C7206B1F57006F6807 /* Shares */,
				C8CE05C6206B1F3B006F6807 /* Servers */,
				C83C639B2039922A0089B9D8 /* Login */,
				3BEBFAE02296F3E10075E8A4 /* Walkthrough */,
				C8D8615F209490230014D8AC /* WebViewController.swift */,
			);
			path = Presentation;
			sourceTree = "<group>";
		};
		C83C639B2039922A0089B9D8 /* Login */ = {
			isa = PBXGroup;
			children = (
				FB71BE99201CB2FC0005492C /* LoginViewController.swift */,
				C83C639C203992460089B9D8 /* LoginPresenter.swift */,
			);
			path = Login;
			sourceTree = "<group>";
		};
		C86CA90A20D30EFC00C8EDCA /* Offline */ = {
			isa = PBXGroup;
			children = (
				3BCAFBA622C53E2A0044057E /* OfflineFilesViewController.swift */,
				C86CA90F20D3937A00C8EDCA /* OfflineFilesPresenter.swift */,
				3BCAFBAE22C6DC1A0044057E /* OfflineFilesViewController+Sorting.swift */,
				3BCAFBAC22C6DBCB0044057E /* OfflineFilesViewController+UICollectionViewDelegates.swift */,
				3BCAFBAA22C6DB830044057E /* OfflineFilesViewController+SearchDelegates.swift */,
				3BCAFBB022C6DC460044057E /* OfflineFilesViewController+FilesView.swift */,
			);
			path = Offline;
			sourceTree = "<group>";
		};
		C86CA91620D3C76C00C8EDCA /* Models */ = {
			isa = PBXGroup;
			children = (
				C8DA5B2820D5E18800F5A527 /* FileSort.swift */,
				C8DA5B2E20D7A1CA00F5A527 /* OfflineFileSort.swift */,
				C86CA92720D3D26300C8EDCA /* OfflineFile+CoreData.swift */,
				C86CA92820D3D26300C8EDCA /* OfflineFile+CoreDataProperties.swift */,
				C80F3F4920D47422000901B4 /* OfflineFileState.swift */,
				8A67FC2A22666F81005A5038 /* OfflineFile+MimeType.swift */,
				C8DA5B1720D5D7EA00F5A527 /* Download.swift */,
				3BCAFBA822C68CF70044057E /* FilteredOfflineFile.swift */,
			);
			path = Models;
			sourceTree = "<group>";
		};
		C878C97A205DF3DE0039C23A /* Extensions */ = {
			isa = PBXGroup;
			children = (
				C878C97B205DF4060039C23A /* UIColor.swift */,
				C8ED025820B3E2F800015846 /* URL.swift */,
				C88E5A7020B543B1006518B6 /* FileManager.swift */,
				C88E5A7520B66B44006518B6 /* Date.swift */,
				C8DEBFAC20BB1AEF00B09AED /* Alamofire.swift */,
				C8DA5B3420D8740F00F5A527 /* String.swift */,
				C84BBA5D20F37EF20030536F /* Notification.swift */,
				3B84E87C2299587B00E37A74 /* UIView.swift */,
				3BF1E81B22D07E9800C531CD /* UIApplication.swift */,
				3B1B35A323080E710058B1D8 /* UINavigationItem.swift */,
			);
			path = Extensions;
			sourceTree = "<group>";
		};
		C8A7A7EB2075A6FF00A9234E /* Settings */ = {
			isa = PBXGroup;
			children = (
				AD8F2FDE226E9351009C8C4B /* SettingsViewController+MFMailComposeViewControllerDelegate.swift */,
				AD8F2FDD226E9351009C8C4B /* SettingsViewController+TableViewDataSource.swift */,
				AD8F2FDF226E9351009C8C4B /* SettingsViewController+TableViewDelegate.swift */,
				80F3FDC6206C0D4D0061CD51 /* ConnectionViewController.swift */,
				80F606FF206BE1530098BC60 /* SettingsViewController.swift */,
			);
			path = Settings;
			sourceTree = "<group>";
		};
		C8B70E1120FA937600873B3F /* StoryBoards */ = {
			isa = PBXGroup;
			children = (
				FB71BEA0201CB2FC0005492C /* LaunchScreen.storyboard */,
				C8490D1420C847F90052D636 /* VideoPlayer.storyboard */,
				FB71BE9B201CB2FC0005492C /* Main.storyboard */,
			);
			path = StoryBoards;
			sourceTree = "<group>";
		};
		C8CE05C6206B1F3B006F6807 /* Servers */ = {
			isa = PBXGroup;
			children = (
				C83C639E2039B16C0089B9D8 /* ServerViewController.swift */,
				4605963E204E24DF004FA066 /* ServerPresenter.swift */,
			);
			path = Servers;
			sourceTree = "<group>";
		};
		C8CE05C7206B1F57006F6807 /* Shares */ = {
			isa = PBXGroup;
			children = (
				46059644204EE17D004FA066 /* SharesViewController.swift */,
				46CB896A204FB0FC0031151F /* SharesPresenter.swift */,
			);
			path = Shares;
			sourceTree = "<group>";
		};
		C8CE05C8206B21B2006F6807 /* Files */ = {
			isa = PBXGroup;
			children = (
				4665718020507847000E0D45 /* FilesViewController.swift */,
				46657182205085FC000E0D45 /* FilesPresenter.swift */,
				C8DA5B1B20D5DEC200F5A527 /* FilesViewController+FilesViewDelegates.swift */,
				3B33325B22BAA4BA00BC61EB /* FilesViewController+Sorting.swift */,
				3B33325922BAA40B00BC61EB /* FilesViewController+UICollectionViewDelegates.swift */,
				C8DA5B1F20D5E09000F5A527 /* FilesViewController+UISearchDelegate.swift */,
				3B33325722BAA3C200BC61EB /* SortView.swift */,
			);
			path = Files;
			sourceTree = "<group>";
		};
		C8CE05C9206B21C5006F6807 /* MediaPlayers */ = {
			isa = PBXGroup;
			children = (
				3B3F43D822FD80F000BB42B0 /* Audio Player */,
				3B3F43D722FD80E100BB42B0 /* Video Player */,
				FD40DD1222A8C889005D97EB /* Audio2PlayerViewController.swift */,
			);
			path = MediaPlayers;
			sourceTree = "<group>";
		};
		C8DA5B2120D5E0C600F5A527 /* Cells */ = {
			isa = PBXGroup;
			children = (
				3BCAFBA022C537C10044057E /* DownloadsListCollectionCell.swift */,
				3BCAFBA222C537DE0044057E /* DownloadsGridCollectionCell.swift */,
				3BCAFBA422C5385D0044057E /* DownloadsBaseCollectionCell.swift */,
				3B24FE1922970B860044721D /* WalkthroughCollectionCell.swift */,
				3B4DB99622A0431100AF287B /* ServerCollectionViewCell.swift */,
				3B33325D22BAB05C00BC61EB /* FilesBaseCollectionViewCell.swift */,
				3B33324F22BAA26600BC61EB /* FilesGridCollectionCell.swift */,
				3B33325122BAA27E00BC61EB /* FilesListCollectionViewCell.swift */,
				3B33325322BAA29700BC61EB /* FilesCollectionHeaderView.swift */,
				3B33325522BAA2AF00BC61EB /* FilesCollectionFooterView.swift */,
				3B33325F22BAB2A800BC61EB /* SortViewTableViewCell.swift */,
				3BB315D322E1143600A0FDAD /* SharesCollectionViewCell.swift */,
			);
			path = Cells;
			sourceTree = "<group>";
		};
		DDF3537D8AE1275A22FED2AA /* Pods */ = {
			isa = PBXGroup;
			children = (
				665E1C7EF1F0DEBF3A9809B0 /* Pods-AmahiAnywhere.debug.xcconfig */,
				499AAFCDBDAB4C05C7264992 /* Pods-AmahiAnywhere.release.xcconfig */,
			);
			name = Pods;
			sourceTree = "<group>";
		};
		FB71BE8B201CB2FB0005492C = {
			isa = PBXGroup;
			children = (
				C86CA91120D3A84A00C8EDCA /* OfflineFilesModel.xcdatamodeld */,
				FB71BE96201CB2FC0005492C /* AmahiAnywhere */,
				FB71BE95201CB2FC0005492C /* Products */,
				DDF3537D8AE1275A22FED2AA /* Pods */,
				C446600BA8E0E01249C2486F /* Frameworks */,
			);
			sourceTree = "<group>";
		};
		FB71BE95201CB2FC0005492C /* Products */ = {
			isa = PBXGroup;
			children = (
				FB71BE94201CB2FC0005492C /* AmahiAnywhere.app */,
			);
			name = Products;
			sourceTree = "<group>";
		};
		FB71BE96201CB2FC0005492C /* AmahiAnywhere */ = {
			isa = PBXGroup;
			children = (
				9913634D22D5D2F100B48586 /* AmahiAnywhere.entitlements */,
				0479B103210E0FB70052489F /* Managers */,
				C8B70E1120FA937600873B3F /* StoryBoards */,
				C8DA5B2120D5E0C600F5A527 /* Cells */,
				C878C97A205DF3DE0039C23A /* Extensions */,
				C83C639A2039921B0089B9D8 /* Presentation */,
				C83C637F2038D5B30089B9D8 /* Data */,
				C83C636F20386DD90089B9D8 /* Base */,
				C83C63782038D5150089B9D8 /* Utils */,
				FB71BE97201CB2FC0005492C /* AppDelegate.swift */,
				FB71BE9E201CB2FC0005492C /* Assets.xcassets */,
				0AA5E184203F36DD0010FD47 /* Amahi Logo White Font.png */,
				FB71BEA3201CB2FC0005492C /* Info.plist */,
				C866E5532042373D0083A606 /* AmahiAnywhere-Bridging-Header.h */,
			);
			path = AmahiAnywhere;
			sourceTree = "<group>";
		};
/* End PBXGroup section */

/* Begin PBXNativeTarget section */
		FB71BE93201CB2FC0005492C /* AmahiAnywhere */ = {
			isa = PBXNativeTarget;
			buildConfigurationList = FB71BEA6201CB2FC0005492C /* Build configuration list for PBXNativeTarget "AmahiAnywhere" */;
			buildPhases = (
				D37A02672BBEFF330A5E8AAE /* [CP] Check Pods Manifest.lock */,
				FB71BE90201CB2FC0005492C /* Sources */,
				FB71BE91201CB2FC0005492C /* Frameworks */,
				FB71BE92201CB2FC0005492C /* Resources */,
				F61A594FE5268D2316515601 /* [CP] Embed Pods Frameworks */,
				AB0902F10DF6D8E8ED1D608E /* [CP] Copy Pods Resources */,
			);
			buildRules = (
			);
			dependencies = (
			);
			name = AmahiAnywhere;
			productName = AmahiAnywhere;
			productReference = FB71BE94201CB2FC0005492C /* AmahiAnywhere.app */;
			productType = "com.apple.product-type.application";
		};
/* End PBXNativeTarget section */

/* Begin PBXProject section */
		FB71BE8C201CB2FB0005492C /* Project object */ = {
			isa = PBXProject;
			attributes = {
				LastSwiftUpdateCheck = 0920;
				LastUpgradeCheck = 0930;
				ORGANIZATIONNAME = Amahi;
				TargetAttributes = {
					FB71BE93201CB2FC0005492C = {
						CreatedOnToolsVersion = 9.2;
						LastSwiftMigration = 1000;
						ProvisioningStyle = Automatic;
						SystemCapabilities = {
							com.apple.AccessWiFi = {
								enabled = 1;
							};
							com.apple.BackgroundModes = {
								enabled = 1;
							};
						};
					};
				};
			};
			buildConfigurationList = FB71BE8F201CB2FB0005492C /* Build configuration list for PBXProject "AmahiAnywhere" */;
			compatibilityVersion = "Xcode 9.3";
			developmentRegion = en;
			hasScannedForEncodings = 0;
			knownRegions = (
				en,
				Base,
			);
			mainGroup = FB71BE8B201CB2FB0005492C;
			productRefGroup = FB71BE95201CB2FC0005492C /* Products */;
			projectDirPath = "";
			projectRoot = "";
			targets = (
				FB71BE93201CB2FC0005492C /* AmahiAnywhere */,
			);
		};
/* End PBXProject section */

/* Begin PBXResourcesBuildPhase section */
		FB71BE92201CB2FC0005492C /* Resources */ = {
			isa = PBXResourcesBuildPhase;
			buildActionMask = 2147483647;
			files = (
				FB71BEA2201CB2FC0005492C /* LaunchScreen.storyboard in Resources */,
				0AA5E185203F36DD0010FD47 /* Amahi Logo White Font.png in Resources */,
				FB71BE9F201CB2FC0005492C /* Assets.xcassets in Resources */,
				3B24FE1822970B6B0044721D /* WalkthroughCell.xib in Resources */,
				3B24FE162297086A0044721D /* WalkthroughAmahiCell.xib in Resources */,
				FB71BE9D201CB2FC0005492C /* Main.storyboard in Resources */,
				C8490D1520C847F90052D636 /* VideoPlayer.storyboard in Resources */,
			);
			runOnlyForDeploymentPostprocessing = 0;
		};
/* End PBXResourcesBuildPhase section */

/* Begin PBXShellScriptBuildPhase section */
		AB0902F10DF6D8E8ED1D608E /* [CP] Copy Pods Resources */ = {
			isa = PBXShellScriptBuildPhase;
			buildActionMask = 2147483647;
			files = (
			);
			inputFileListPaths = (
				"${PODS_ROOT}/Target Support Files/Pods-AmahiAnywhere/Pods-AmahiAnywhere-resources-${CONFIGURATION}-input-files.xcfilelist",
			);
			name = "[CP] Copy Pods Resources";
			outputFileListPaths = (
				"${PODS_ROOT}/Target Support Files/Pods-AmahiAnywhere/Pods-AmahiAnywhere-resources-${CONFIGURATION}-output-files.xcfilelist",
			);
			runOnlyForDeploymentPostprocessing = 0;
			shellPath = /bin/sh;
			shellScript = "\"${PODS_ROOT}/Target Support Files/Pods-AmahiAnywhere/Pods-AmahiAnywhere-resources.sh\"\n";
			showEnvVarsInLog = 0;
		};
		D37A02672BBEFF330A5E8AAE /* [CP] Check Pods Manifest.lock */ = {
			isa = PBXShellScriptBuildPhase;
			buildActionMask = 2147483647;
			files = (
			);
			inputPaths = (
				"${PODS_PODFILE_DIR_PATH}/Podfile.lock",
				"${PODS_ROOT}/Manifest.lock",
			);
			name = "[CP] Check Pods Manifest.lock";
			outputPaths = (
				"$(DERIVED_FILE_DIR)/Pods-AmahiAnywhere-checkManifestLockResult.txt",
			);
			runOnlyForDeploymentPostprocessing = 0;
			shellPath = /bin/sh;
			shellScript = "diff \"${PODS_PODFILE_DIR_PATH}/Podfile.lock\" \"${PODS_ROOT}/Manifest.lock\" > /dev/null\nif [ $? != 0 ] ; then\n    # print error to STDERR\n    echo \"error: The sandbox is not in sync with the Podfile.lock. Run 'pod install' or update your CocoaPods installation.\" >&2\n    exit 1\nfi\n# This output is used by Xcode 'outputs' to avoid re-running this script phase.\necho \"SUCCESS\" > \"${SCRIPT_OUTPUT_FILE_0}\"\n";
			showEnvVarsInLog = 0;
		};
		F61A594FE5268D2316515601 /* [CP] Embed Pods Frameworks */ = {
			isa = PBXShellScriptBuildPhase;
			buildActionMask = 2147483647;
			files = (
			);
			inputFileListPaths = (
				"${PODS_ROOT}/Target Support Files/Pods-AmahiAnywhere/Pods-AmahiAnywhere-frameworks-${CONFIGURATION}-input-files.xcfilelist",
			);
			name = "[CP] Embed Pods Frameworks";
			outputFileListPaths = (
				"${PODS_ROOT}/Target Support Files/Pods-AmahiAnywhere/Pods-AmahiAnywhere-frameworks-${CONFIGURATION}-output-files.xcfilelist",
			);
			runOnlyForDeploymentPostprocessing = 0;
			shellPath = /bin/sh;
			shellScript = "\"${PODS_ROOT}/Target Support Files/Pods-AmahiAnywhere/Pods-AmahiAnywhere-frameworks.sh\"\n";
			showEnvVarsInLog = 0;
		};
/* End PBXShellScriptBuildPhase section */

/* Begin PBXSourcesBuildPhase section */
		FB71BE90201CB2FC0005492C /* Sources */ = {
			isa = PBXSourcesBuildPhase;
			buildActionMask = 2147483647;
			files = (
				3B33325822BAA3C200BC61EB /* SortView.swift in Sources */,
				3B33325E22BAB05C00BC61EB /* FilesBaseCollectionViewCell.swift in Sources */,
				C83C63952038D5B30089B9D8 /* ApiConfig.swift in Sources */,
				46657183205085FC000E0D45 /* FilesPresenter.swift in Sources */,
				46059646204EE17D004FA066 /* SharesViewController.swift in Sources */,
				3B24FE1A22970B860044721D /* WalkthroughCollectionCell.swift in Sources */,
				C8DA5B3520D8741000F5A527 /* String.swift in Sources */,
				AD8F2FDC226E9331009C8C4B /* CoreDataStack+AutoSaving.swift in Sources */,
				C8DEBFAD20BB1AEF00B09AED /* Alamofire.swift in Sources */,
				C866E5552042D02A0083A606 /* VideoPlayerViewController.swift in Sources */,
				3B3F43DC22FECF3800BB42B0 /* AudioPlayerViewController+Gesture.swift in Sources */,
				C83C63902038D5B30089B9D8 /* PersistenceIdentifiers.swift in Sources */,
				C83C637520386DD90089B9D8 /* BaseUIViewController.swift in Sources */,
				3BCAFBA522C5385D0044057E /* DownloadsBaseCollectionCell.swift in Sources */,
				9938343D22CBAAA2002A8213 /* Toast.swift in Sources */,
				FB71BE9A201CB2FC0005492C /* LoginViewController.swift in Sources */,
				C86CA92920D3D26300C8EDCA /* OfflineFile+CoreData.swift in Sources */,
				3B33325A22BAA40B00BC61EB /* FilesViewController+UICollectionViewDelegates.swift in Sources */,
				4605964D204F3666004FA066 /* ServerShare.swift in Sources */,
				3BCAFBAF22C6DC1A0044057E /* OfflineFilesViewController+Sorting.swift in Sources */,
				AD8F2FE0226E9351009C8C4B /* SettingsViewController+TableViewDataSource.swift in Sources */,
				3B3F43E522FED10100BB42B0 /* AudioPlayerViewController+Player.swift in Sources */,
				FB71BE98201CB2FC0005492C /* AppDelegate.swift in Sources */,
				4605964B204F35E9004FA066 /* ServerRoute.swift in Sources */,
				3B4DB99722A0431100AF287B /* ServerCollectionViewCell.swift in Sources */,
				3B33325622BAA2AF00BC61EB /* FilesCollectionFooterView.swift in Sources */,
				C8DEBFAB20BAE1D300B09AED /* ConnectionModeManager.swift in Sources */,
				C8ED025920B3E30300015846 /* URL.swift in Sources */,
				C8DA5B1A20D5DC2200F5A527 /* DownloadService.swift in Sources */,
				46098D04204FDF5500752EB6 /* ServerFile.swift in Sources */,
				C88E5A7620B66B46006518B6 /* Date.swift in Sources */,
				ADAFF8D6224F6DB700287409 /* ThumbnailGenerator.swift in Sources */,
				46059643204E8B41004FA066 /* BaseUITableViewController.swift in Sources */,
				3B37EBAF22ED11650065CB77 /* Units.swift in Sources */,
				C88E5A7120B543B2006518B6 /* FileManager.swift in Sources */,
				3BF1E81C22D07E9800C531CD /* UIApplication.swift in Sources */,
				C86CA91320D3A84A00C8EDCA /* OfflineFilesModel.xcdatamodeld in Sources */,
				ADAFF8D822501F5B00287409 /* PDFThumbnailGenerator.swift in Sources */,
				4605963F204E24DF004FA066 /* ServerPresenter.swift in Sources */,
				46098D02204FDBEE00752EB6 /* ApiEndPoints.swift in Sources */,
				C84BBA5E20F37EF20030536F /* Notification.swift in Sources */,
				3B3F43E322FED06A00BB42B0 /* AudioPlayerViewController+UpdatesUI.swift in Sources */,
				C83C63922038D5B30089B9D8 /* AmahiApi.swift in Sources */,
				FD40DD1322A8C889005D97EB /* Audio2PlayerViewController.swift in Sources */,
				46CB896B204FB0FC0031151F /* SharesPresenter.swift in Sources */,
				C8DA5B2F20D7A1CA00F5A527 /* OfflineFileSort.swift in Sources */,
				C80F3F4A20D47423000901B4 /* OfflineFileState.swift in Sources */,
				C83C637320386DD90089B9D8 /* BaseContract.swift in Sources */,
				C8DA5B2D20D7283400F5A527 /* DownloadService+URLSessionDelegate.swift in Sources */,
				80F60700206BE1530098BC60 /* SettingsViewController.swift in Sources */,
				C83C63912038D5B30089B9D8 /* StringLiterals.swift in Sources */,
				3B37EBB822F2D9F60065CB77 /* AuthTokenResponse.swift in Sources */,
				FDF80E94229FB2060087F9B8 /* VideoMenuCellSettings.swift in Sources */,
				AD8F2FE1226E9351009C8C4B /* SettingsViewController+MFMailComposeViewControllerDelegate.swift in Sources */,
				AD8F2FE2226E9351009C8C4B /* SettingsViewController+TableViewDelegate.swift in Sources */,
				C83C639D203992460089B9D8 /* LoginPresenter.swift in Sources */,
				C8DA5B2920D5E18800F5A527 /* FileSort.swift in Sources */,
				3BCAFBA122C537C10044057E /* DownloadsListCollectionCell.swift in Sources */,
				C8DA5B1C20D5DEC200F5A527 /* FilesViewController+FilesViewDelegates.swift in Sources */,
				C878C97C205DF4060039C23A /* UIColor.swift in Sources */,
				3BCAFBA922C68CF70044057E /* FilteredOfflineFile.swift in Sources */,
				99CF9D7F22E288BB0060C0E5 /* QueueViewController.swift in Sources */,
				C86CA91520D3C65400C8EDCA /* CoreDataStack.swift in Sources */,
				C8DA5B1820D5D7EA00F5A527 /* Download.swift in Sources */,
				8A67FC2B22666F81005A5038 /* OfflineFile+MimeType.swift in Sources */,
				80F3FDC7206C0D4D0061CD51 /* ConnectionViewController.swift in Sources */,
				3B1B35A423080E710058B1D8 /* UINavigationItem.swift in Sources */,
				C83C638F2038D5B30089B9D8 /* LocalStorage.swift in Sources */,
				C83C637420386DD90089B9D8 /* BaseUIViewController+BaseView.swift in Sources */,
				C86CA91020D3937A00C8EDCA /* OfflineFilesPresenter.swift in Sources */,
				3B3F43DF22FECF7300BB42B0 /* DissmissAnimator.swift in Sources */,
				C83C637E2038D5150089B9D8 /* StringIdentifiers.swift in Sources */,
				3B33325022BAA26600BC61EB /* FilesGridCollectionCell.swift in Sources */,
				3BCAFBA322C537DE0044057E /* DownloadsGridCollectionCell.swift in Sources */,
				3B24FE122296F4330044721D /* WalkthroughViewController.swift in Sources */,
				ADAFF8DC2250209700287409 /* AudioThumbnailGenerator.swift in Sources */,
				46F87397204CC69500F1AF37 /* Server.swift in Sources */,
				8A0A88F8227CE39C00A1360C /* MimeType.swift in Sources */,
				C86CA92A20D3D26300C8EDCA /* OfflineFile+CoreDataProperties.swift in Sources */,
				C8DA5B2020D5E09000F5A527 /* FilesViewController+UISearchDelegate.swift in Sources */,
				04BA8996211D56F400E7A868 /* AmahiLogger.swift in Sources */,
				3BCAFBB122C6DC460044057E /* OfflineFilesViewController+FilesView.swift in Sources */,
				993EC87522E6959800AF5F1F /* RootContainerViewController.swift in Sources */,
				AD8F2FDB226E9331009C8C4B /* CoreDataStack+DropDatabase.swift in Sources */,
				3BB315D422E1143600A0FDAD /* SharesCollectionViewCell.swift in Sources */,
				3BF4592822CD702C00C020A4 /* GlobalLayoutView.swift in Sources */,
				3BCAFBAD22C6DBCB0044057E /* OfflineFilesViewController+UICollectionViewDelegates.swift in Sources */,
				46098D08204FFFBE00752EB6 /* ServerApi.swift in Sources */,
				3B33325422BAA29700BC61EB /* FilesCollectionHeaderView.swift in Sources */,
				3B3F43E122FECF9300BB42B0 /* Interactor.swift in Sources */,
				C8D86160209490230014D8AC /* WebViewController.swift in Sources */,
				3BF1E81A22D0288700C531CD /* OfflineFileIndexes.swift in Sources */,
				3BCAFBA722C53E2A0044057E /* OfflineFilesViewController.swift in Sources */,
				C83C63992038D5B30089B9D8 /* AuthResponses.swift in Sources */,
				3B33324E22BAA17C00BC61EB /* FilteredServerFile.swift in Sources */,
				3B84E87D2299587B00E37A74 /* UIView.swift in Sources */,
				3B3F43E722FED14900BB42B0 /* AudioPlayerViewController+Remote.swift in Sources */,
				3B33325C22BAA4BA00BC61EB /* FilesViewController+Sorting.swift in Sources */,
				3B33325222BAA27E00BC61EB /* FilesListCollectionViewCell.swift in Sources */,
				ADAFF8DA22501F7A00287409 /* VideoThumbnailGenerator.swift in Sources */,
				3B37EBB622F204030065CB77 /* HDAPinAuthVC.swift in Sources */,
				46098D0A2050114C00752EB6 /* Network.swift in Sources */,
				C83C639F2039B16C0089B9D8 /* ServerViewController.swift in Sources */,
				3B33326022BAB2A800BC61EB /* SortViewTableViewCell.swift in Sources */,
				FDF80E92229FA41A0087F9B8 /* VideoPlayerSettings.swift in Sources */,
				4665718120507847000E0D45 /* FilesViewController.swift in Sources */,
				3BCAFBAB22C6DB830044057E /* OfflineFilesViewController+SearchDelegates.swift in Sources */,
				3B3F43DA22FD812700BB42B0 /* AudioPlayerViewController.swift in Sources */,
			);
			runOnlyForDeploymentPostprocessing = 0;
		};
/* End PBXSourcesBuildPhase section */

/* Begin PBXVariantGroup section */
		FB71BE9B201CB2FC0005492C /* Main.storyboard */ = {
			isa = PBXVariantGroup;
			children = (
				FB71BE9C201CB2FC0005492C /* Base */,
			);
			name = Main.storyboard;
			sourceTree = "<group>";
		};
		FB71BEA0201CB2FC0005492C /* LaunchScreen.storyboard */ = {
			isa = PBXVariantGroup;
			children = (
				FB71BEA1201CB2FC0005492C /* Base */,
			);
			name = LaunchScreen.storyboard;
			sourceTree = "<group>";
		};
/* End PBXVariantGroup section */

/* Begin XCBuildConfiguration section */
		FB71BEA4201CB2FC0005492C /* Debug */ = {
			isa = XCBuildConfiguration;
			buildSettings = {
				ALWAYS_SEARCH_USER_PATHS = NO;
				CLANG_ANALYZER_NONNULL = YES;
				CLANG_ANALYZER_NUMBER_OBJECT_CONVERSION = YES_AGGRESSIVE;
				CLANG_CXX_LANGUAGE_STANDARD = "gnu++14";
				CLANG_CXX_LIBRARY = "libc++";
				CLANG_ENABLE_MODULES = YES;
				CLANG_ENABLE_OBJC_ARC = YES;
				CLANG_WARN_BLOCK_CAPTURE_AUTORELEASING = YES;
				CLANG_WARN_BOOL_CONVERSION = YES;
				CLANG_WARN_COMMA = YES;
				CLANG_WARN_CONSTANT_CONVERSION = YES;
				CLANG_WARN_DEPRECATED_OBJC_IMPLEMENTATIONS = YES;
				CLANG_WARN_DIRECT_OBJC_ISA_USAGE = YES_ERROR;
				CLANG_WARN_DOCUMENTATION_COMMENTS = YES;
				CLANG_WARN_EMPTY_BODY = YES;
				CLANG_WARN_ENUM_CONVERSION = YES;
				CLANG_WARN_INFINITE_RECURSION = YES;
				CLANG_WARN_INT_CONVERSION = YES;
				CLANG_WARN_NON_LITERAL_NULL_CONVERSION = YES;
				CLANG_WARN_OBJC_IMPLICIT_RETAIN_SELF = YES;
				CLANG_WARN_OBJC_LITERAL_CONVERSION = YES;
				CLANG_WARN_OBJC_ROOT_CLASS = YES_ERROR;
				CLANG_WARN_RANGE_LOOP_ANALYSIS = YES;
				CLANG_WARN_STRICT_PROTOTYPES = YES;
				CLANG_WARN_SUSPICIOUS_MOVE = YES;
				CLANG_WARN_UNGUARDED_AVAILABILITY = YES_AGGRESSIVE;
				CLANG_WARN_UNREACHABLE_CODE = YES;
				CLANG_WARN__DUPLICATE_METHOD_MATCH = YES;
				CODE_SIGN_IDENTITY = "iPhone Developer";
				COPY_PHASE_STRIP = NO;
				DEBUG_INFORMATION_FORMAT = dwarf;
				ENABLE_STRICT_OBJC_MSGSEND = YES;
				ENABLE_TESTABILITY = YES;
				GCC_C_LANGUAGE_STANDARD = gnu11;
				GCC_DYNAMIC_NO_PIC = NO;
				GCC_NO_COMMON_BLOCKS = YES;
				GCC_OPTIMIZATION_LEVEL = 0;
				GCC_PREPROCESSOR_DEFINITIONS = (
					"DEBUG=1",
					"$(inherited)",
				);
				GCC_WARN_64_TO_32_BIT_CONVERSION = YES;
				GCC_WARN_ABOUT_RETURN_TYPE = YES_ERROR;
				GCC_WARN_UNDECLARED_SELECTOR = YES;
				GCC_WARN_UNINITIALIZED_AUTOS = YES_AGGRESSIVE;
				GCC_WARN_UNUSED_FUNCTION = YES;
				GCC_WARN_UNUSED_VARIABLE = YES;
				IPHONEOS_DEPLOYMENT_TARGET = 10.0;
				MTL_ENABLE_DEBUG_INFO = YES;
				ONLY_ACTIVE_ARCH = YES;
				SDKROOT = iphoneos;
				SWIFT_ACTIVE_COMPILATION_CONDITIONS = DEBUG;
				SWIFT_COMPILATION_MODE = singlefile;
				SWIFT_ENFORCE_EXCLUSIVE_ACCESS = full;
				SWIFT_OPTIMIZATION_LEVEL = "-Onone";
				VALID_ARCHS = "arm64 armv7s";
			};
			name = Debug;
		};
		FB71BEA5201CB2FC0005492C /* Release */ = {
			isa = XCBuildConfiguration;
			buildSettings = {
				ALWAYS_SEARCH_USER_PATHS = NO;
				CLANG_ANALYZER_NONNULL = YES;
				CLANG_ANALYZER_NUMBER_OBJECT_CONVERSION = YES_AGGRESSIVE;
				CLANG_CXX_LANGUAGE_STANDARD = "gnu++14";
				CLANG_CXX_LIBRARY = "libc++";
				CLANG_ENABLE_MODULES = YES;
				CLANG_ENABLE_OBJC_ARC = YES;
				CLANG_WARN_BLOCK_CAPTURE_AUTORELEASING = YES;
				CLANG_WARN_BOOL_CONVERSION = YES;
				CLANG_WARN_COMMA = YES;
				CLANG_WARN_CONSTANT_CONVERSION = YES;
				CLANG_WARN_DEPRECATED_OBJC_IMPLEMENTATIONS = YES;
				CLANG_WARN_DIRECT_OBJC_ISA_USAGE = YES_ERROR;
				CLANG_WARN_DOCUMENTATION_COMMENTS = YES;
				CLANG_WARN_EMPTY_BODY = YES;
				CLANG_WARN_ENUM_CONVERSION = YES;
				CLANG_WARN_INFINITE_RECURSION = YES;
				CLANG_WARN_INT_CONVERSION = YES;
				CLANG_WARN_NON_LITERAL_NULL_CONVERSION = YES;
				CLANG_WARN_OBJC_IMPLICIT_RETAIN_SELF = YES;
				CLANG_WARN_OBJC_LITERAL_CONVERSION = YES;
				CLANG_WARN_OBJC_ROOT_CLASS = YES_ERROR;
				CLANG_WARN_RANGE_LOOP_ANALYSIS = YES;
				CLANG_WARN_STRICT_PROTOTYPES = YES;
				CLANG_WARN_SUSPICIOUS_MOVE = YES;
				CLANG_WARN_UNGUARDED_AVAILABILITY = YES_AGGRESSIVE;
				CLANG_WARN_UNREACHABLE_CODE = YES;
				CLANG_WARN__DUPLICATE_METHOD_MATCH = YES;
				CODE_SIGN_IDENTITY = "iPhone Developer";
				COPY_PHASE_STRIP = NO;
				DEBUG_INFORMATION_FORMAT = dwarf;
				ENABLE_NS_ASSERTIONS = NO;
				ENABLE_STRICT_OBJC_MSGSEND = YES;
				GCC_C_LANGUAGE_STANDARD = gnu11;
				GCC_NO_COMMON_BLOCKS = YES;
				GCC_WARN_64_TO_32_BIT_CONVERSION = YES;
				GCC_WARN_ABOUT_RETURN_TYPE = YES_ERROR;
				GCC_WARN_UNDECLARED_SELECTOR = YES;
				GCC_WARN_UNINITIALIZED_AUTOS = YES_AGGRESSIVE;
				GCC_WARN_UNUSED_FUNCTION = YES;
				GCC_WARN_UNUSED_VARIABLE = YES;
				IPHONEOS_DEPLOYMENT_TARGET = 10.0;
				MTL_ENABLE_DEBUG_INFO = NO;
				SDKROOT = iphoneos;
				SWIFT_COMPILATION_MODE = wholemodule;
				SWIFT_ENFORCE_EXCLUSIVE_ACCESS = full;
				SWIFT_OPTIMIZATION_LEVEL = "-O";
				VALIDATE_PRODUCT = YES;
				VALID_ARCHS = "arm64 armv7s";
			};
			name = Release;
		};
		FB71BEA7201CB2FC0005492C /* Debug */ = {
			isa = XCBuildConfiguration;
			baseConfigurationReference = 665E1C7EF1F0DEBF3A9809B0 /* Pods-AmahiAnywhere.debug.xcconfig */;
			buildSettings = {
				ASSETCATALOG_COMPILER_APPICON_NAME = AppIcon;
				CODE_SIGN_ENTITLEMENTS = AmahiAnywhere/AmahiAnywhere.entitlements;
				CODE_SIGN_STYLE = Automatic;
				DEVELOPMENT_TEAM = "";
				ENABLE_BITCODE = NO;
				INFOPLIST_FILE = AmahiAnywhere/Info.plist;
				IPHONEOS_DEPLOYMENT_TARGET = 11.0;
				LD_RUNPATH_SEARCH_PATHS = (
					"$(inherited)",
					"@executable_path/Frameworks",
				);
				PRODUCT_BUNDLE_IDENTIFIER = com.amahi.AmahiAnywhere;
				PRODUCT_NAME = "$(TARGET_NAME)";
				SWIFT_ENFORCE_EXCLUSIVE_ACCESS = none;
				SWIFT_OBJC_BRIDGING_HEADER = "AmahiAnywhere/AmahiAnywhere-Bridging-Header.h";
				SWIFT_VERSION = 4.2;
				TARGETED_DEVICE_FAMILY = "1,2";
			};
			name = Debug;
		};
		FB71BEA8201CB2FC0005492C /* Release */ = {
			isa = XCBuildConfiguration;
			baseConfigurationReference = 499AAFCDBDAB4C05C7264992 /* Pods-AmahiAnywhere.release.xcconfig */;
			buildSettings = {
				ASSETCATALOG_COMPILER_APPICON_NAME = AppIcon;
				CODE_SIGN_ENTITLEMENTS = AmahiAnywhere/AmahiAnywhere.entitlements;
				CODE_SIGN_STYLE = Automatic;
				DEVELOPMENT_TEAM = "";
				ENABLE_BITCODE = NO;
				INFOPLIST_FILE = AmahiAnywhere/Info.plist;
				IPHONEOS_DEPLOYMENT_TARGET = 11.0;
				LD_RUNPATH_SEARCH_PATHS = (
					"$(inherited)",
					"@executable_path/Frameworks",
				);
				PRODUCT_BUNDLE_IDENTIFIER = com.amahi.AmahiAnywhere;
				PRODUCT_NAME = "$(TARGET_NAME)";
				SWIFT_ENFORCE_EXCLUSIVE_ACCESS = none;
				SWIFT_OBJC_BRIDGING_HEADER = "AmahiAnywhere/AmahiAnywhere-Bridging-Header.h";
				SWIFT_VERSION = 4.2;
				TARGETED_DEVICE_FAMILY = "1,2";
			};
			name = Release;
		};
/* End XCBuildConfiguration section */

/* Begin XCConfigurationList section */
		FB71BE8F201CB2FB0005492C /* Build configuration list for PBXProject "AmahiAnywhere" */ = {
			isa = XCConfigurationList;
			buildConfigurations = (
				FB71BEA4201CB2FC0005492C /* Debug */,
				FB71BEA5201CB2FC0005492C /* Release */,
			);
			defaultConfigurationIsVisible = 0;
			defaultConfigurationName = Release;
		};
		FB71BEA6201CB2FC0005492C /* Build configuration list for PBXNativeTarget "AmahiAnywhere" */ = {
			isa = XCConfigurationList;
			buildConfigurations = (
				FB71BEA7201CB2FC0005492C /* Debug */,
				FB71BEA8201CB2FC0005492C /* Release */,
			);
			defaultConfigurationIsVisible = 0;
			defaultConfigurationName = Release;
		};
/* End XCConfigurationList section */

/* Begin XCVersionGroup section */
		C86CA91120D3A84A00C8EDCA /* OfflineFilesModel.xcdatamodeld */ = {
			isa = XCVersionGroup;
			children = (
				C86CA91220D3A84A00C8EDCA /* OfflineFilesModel.xcdatamodel */,
			);
			currentVersion = C86CA91220D3A84A00C8EDCA /* OfflineFilesModel.xcdatamodel */;
			path = OfflineFilesModel.xcdatamodeld;
			sourceTree = "<group>";
			versionGroupType = wrapper.xcdatamodel;
		};
/* End XCVersionGroup section */
	};
	rootObject = FB71BE8C201CB2FB0005492C /* Project object */;
}
