PODS:
  - Alamofire (4.7.1)
  - Cache (4.2.0)
  - EVReflection/Alamofire (5.6.0):
    - Alamofire
    - EVReflection/Core
  - EVReflection/Core (5.6.0)
  - Hue (3.0.1)
  - Imaginary (3.0.3):
    - Cache (~> 4.0)
  - IQKeyboardManagerSwift (6.0.0)
  - Lightbox (2.1.2):
    - Hue (~> 3.0)
    - Imaginary (~> 3.0)
  - MBProgressHUD (1.1.0)
  - MobileVLCKit (3.0.2)
  - ReachabilitySwift (4.1.0)
  - SkyFloatingLabelTextField (3.4.1)

DEPENDENCIES:
  - Alamofire (~> 4.5)
  - EVReflection/Alamofire
  - IQKeyboardManagerSwift
  - Lightbox
  - MBProgressHUD (~> 1.1.0)
  - MobileVLCKit
  - ReachabilitySwift
  - SkyFloatingLabelTextField (~> 3.0)

SPEC CHECKSUMS:
  Alamofire: 68d7d521118d49c615a8d2214d87cdf525599d30
  Cache: f28f8dd64b632155aabf9b3906b036a659048251
  EVReflection: 5c9443fd3d9b71eaab8c2321e3a2aca155ac352e
  Hue: 93e852fa6211ab35922ad8c293f51c43d6c79eb2
  Imaginary: 9b45836a5af881f452a86e0a1215772ae4712d00
  IQKeyboardManagerSwift: 624f128983eec795deacd50c1cd2f72664d13f08
  Lightbox: 2dc267df8be2285bc7724cb11cbbf4aaaf59dced
  MBProgressHUD: e7baa36a220447d8aeb12769bf0585582f3866d9
  MobileVLCKit: a9e06de53e7a7fd43d7b04bcab4f2e68868f768a
  ReachabilitySwift: 6849231cd4e06559f3b9ef4a97a0a0f96d41e09f
  SkyFloatingLabelTextField: 8085f20f57f74a00cfcae58099299faa1a971035

PODFILE CHECKSUM: 020a722c20645249a0d3b47757cae201d532aeac

COCOAPODS: 1.4.0
