PODS:
  - Alamofire (4.7.3)
  - Cache (5.2.0)
  - EVReflection/Alamofire (5.8.0):
    - Alamofire
    - EVReflection/Core
  - EVReflection/Core (5.8.0)
  - Imaginary (4.2.0):
    - Cache (~> 5.0)
  - IQKeyboardManagerSwift (6.2.0)
  - Lightbox (2.3.0):
    - Imaginary (~> 4.0)
  - MBProgressHUD (1.1.0)
  - MobileVLCKit (3.2.0)
  - ReachabilitySwift (4.3.0)
  - SDWebImage (4.4.5):
    - SDWebImage/Core (= 4.4.5)
  - SDWebImage/Core (4.4.5)
  - SkyFloatingLabelTextField (3.6.0)

DEPENDENCIES:
  - Alamofire
  - EVReflection/Alamofire
  - IQKeyboardManagerSwift
  - Lightbox
  - MBProgressHUD
  - MobileVLCKit
  - ReachabilitySwift
  - SDWebImage
  - SkyFloatingLabelTextField

SPEC REPOS:
  https://github.com/cocoapods/specs.git:
    - Alamofire
    - Cache
    - EVReflection
    - Imaginary
    - IQKeyboardManagerSwift
    - Lightbox
    - MBProgressHUD
    - MobileVLCKit
    - ReachabilitySwift
    - SDWebImage
    - SkyFloatingLabelTextField

SPEC CHECKSUMS:
  Alamofire: c7287b6e5d7da964a70935e5db17046b7fde6568
  Cache: 807c5d86d01a177f06ede9865add3aea269bbfd4
  EVReflection: 1f1813b5d1e2c0dbafa2bbc2ec84f8dfb3b72f8b
  Imaginary: dae33d06dbc2ada22f98afef5eb45cc061311a2c
  IQKeyboardManagerSwift: b07ccf9d8cafe993dcd6cb794eb4ba34611a0c4e
  Lightbox: d317750e4132bfb871a5307cfe0a2c7d6a583c65
  MBProgressHUD: e7baa36a220447d8aeb12769bf0585582f3866d9
  MobileVLCKit: f7af7d6bee693b904265768eaae6a0ed29fdcd65
  ReachabilitySwift: 408477d1b6ed9779dba301953171e017c31241f3
  SDWebImage: ecc03494e973b93b80213649d32175f8d2d17d4d
  SkyFloatingLabelTextField: 38164979b79512f9ff9288ad8acfc4bbf5d843e3

PODFILE CHECKSUM: 1b065c646b4f8dee339261630763a0ec57da1f21

COCOAPODS: 1.5.3
