PODS:
  - Alamofire (4.9.1)
  - Cache (5.3.0)
  - EVReflection/Alamofire (5.10.1):
    - Alamofire
    - EVReflection/Core
  - EVReflection/Core (5.10.1)
  - Floaty (4.2.0)
  - google-cast-sdk (4.4.7):
    - google-cast-sdk/Core (= 4.4.7)
    - Protobuf (~> 3.0)
  - google-cast-sdk/Core (4.4.7):
    - Protobuf (~> 3.0)
  - Imaginary (4.3.1):
    - Cache (~> 5.3.0)
  - IQKeyboardManagerSwift (6.5.5)
  - Lightbox (2.3.0):
    - Imaginary (~> 4.0)
  - MBProgressHUD (1.2.0)
  - MobileVLCKit (3.3.13)
  - Protobuf (3.12.0)
  - ReachabilitySwift (5.0.0)
  - SDWebImage (5.8.1):
    - SDWebImage/Core (= 5.8.1)
  - SDWebImage/Core (5.8.1)
  - SkyFloatingLabelTextField (3.8.0)
  - SwipeCellKit (2.7.1)

DEPENDENCIES:
  - Alamofire (~> 4.7)
  - EVReflection/Alamofire
  - Floaty
  - google-cast-sdk
  - IQKeyboardManagerSwift
  - Lightbox
  - MBProgressHUD
  - MobileVLCKit
  - ReachabilitySwift
  - SDWebImage
  - SkyFloatingLabelTextField
  - SwipeCellKit

SPEC REPOS:
  https://github.com/CocoaPods/Specs.git:
    - Alamofire
    - Cache
    - EVReflection
    - Floaty
    - google-cast-sdk
    - Imaginary
    - IQKeyboardManagerSwift
    - Lightbox
    - MBProgressHUD
    - MobileVLCKit
    - Protobuf
    - ReachabilitySwift
    - SDWebImage
    - SkyFloatingLabelTextField
    - SwipeCellKit

SPEC CHECKSUMS:
  Alamofire: 85e8a02c69d6020a0d734f6054870d7ecb75cf18
  Cache: 48762993ec44e1d93483c4d4a13edd18452326f4
  EVReflection: 8124de482178d34ccd56473e16cd95990f9a1113
  Floaty: e2bd5a0f6f7f70899e26ff2da31081c8bee8d1b0
  google-cast-sdk: 5fb55ce696a3d37f213b64b4f508577ccabd1a36
  Imaginary: 18c5bba364229eef383b925199db442e71d175e1
  IQKeyboardManagerSwift: 0fb93310284665245591f50f7a5e38de615960b7
  Lightbox: d317750e4132bfb871a5307cfe0a2c7d6a583c65
  MBProgressHUD: 3ee5efcc380f6a79a7cc9b363dd669c5e1ae7406
  MobileVLCKit: 92e1ea43124259417f481c890821efb2399d25e3
  Protobuf: 2793fcd0622a00b546c60e7cbbcc493e043e9bb9
  ReachabilitySwift: 985039c6f7b23a1da463388634119492ff86c825
  SDWebImage: e3eae2eda88578db0685a0c88597fdadd9433f05
  SkyFloatingLabelTextField: 5a338412114808e961fe2d14ea2c5452c8b6e4aa
  SwipeCellKit: 3972254a826da74609926daf59b08d6c72e619ea

PODFILE CHECKSUM: 61f513bfe95231a9fec4a3a23bc3a645bf8f94a6

COCOAPODS: 1.9.1
